// !$*UTF8*$!
{
	archiveVersion = 1;
	classes = {
	};
	objectVersion = 51;
	objects = {

/* Begin PBXBuildFile section */
		1D86CE3005FF57B581C51A4E /* Pods_MessangerApp.framework in Frameworks */ = {isa = PBXBuildFile; fileRef = BDB144E268BCACD02ECF44A5 /* Pods_MessangerApp.framework */; };
		A105DDBE272D7C5C0067A5ED /* UIButtons.swift in Sources */ = {isa = PBXBuildFile; fileRef = A105DDBD272D7C5C0067A5ED /* UIButtons.swift */; };
		A105DDC3272D807C0067A5ED /* UITextFields.swift in Sources */ = {isa = PBXBuildFile; fileRef = A105DDC2272D807C0067A5ED /* UITextFields.swift */; };
		A105DDC6272D815C0067A5ED /* UIViews.swift in Sources */ = {isa = PBXBuildFile; fileRef = A105DDC5272D815C0067A5ED /* UIViews.swift */; };
		A105DDCA272D96D30067A5ED /* ViewController.swift in Sources */ = {isa = PBXBuildFile; fileRef = A105DDC9272D96D30067A5ED /* ViewController.swift */; };
		A105DDCD272D97490067A5ED /* LoginView.swift in Sources */ = {isa = PBXBuildFile; fileRef = A105DDCC272D97490067A5ED /* LoginView.swift */; };
		A105DDD1272DC5AE0067A5ED /* RegistrationView.swift in Sources */ = {isa = PBXBuildFile; fileRef = A105DDD0272DC5AE0067A5ED /* RegistrationView.swift */; };
		A105DDD4272DC5D50067A5ED /* RegistrationViewController.swift in Sources */ = {isa = PBXBuildFile; fileRef = A105DDD3272DC5D50067A5ED /* RegistrationViewController.swift */; };
		A105DDD7272DC62E0067A5ED /* RegistrationCoordinator.swift in Sources */ = {isa = PBXBuildFile; fileRef = A105DDD6272DC62E0067A5ED /* RegistrationCoordinator.swift */; };
		A105DDDA272DC73E0067A5ED /* RegistrationViewModel.swift in Sources */ = {isa = PBXBuildFile; fileRef = A105DDD9272DC73E0067A5ED /* RegistrationViewModel.swift */; };
		A105DDDD272DC76B0067A5ED /* RegistrationAssembly.swift in Sources */ = {isa = PBXBuildFile; fileRef = A105DDDC272DC76B0067A5ED /* RegistrationAssembly.swift */; };
		A11F53D827295A810031CEB4 /* AppDelegate.swift in Sources */ = {isa = PBXBuildFile; fileRef = A11F53D727295A810031CEB4 /* AppDelegate.swift */; };
		A11F53DC27295A810031CEB4 /* LoginViewController.swift in Sources */ = {isa = PBXBuildFile; fileRef = A11F53DB27295A810031CEB4 /* LoginViewController.swift */; };
		A11F53E427295A810031CEB4 /* LaunchScreen.storyboard in Resources */ = {isa = PBXBuildFile; fileRef = A11F53E227295A810031CEB4 /* LaunchScreen.storyboard */; };
		A11F53FE272964070031CEB4 /* GoogleService-Info.plist in Resources */ = {isa = PBXBuildFile; fileRef = A11F53FD272964070031CEB4 /* GoogleService-Info.plist */; };
		A13293C02730B64A003AAF9F /* Assets.swift in Sources */ = {isa = PBXBuildFile; fileRef = A13293BF2730B64A003AAF9F /* Assets.swift */; };
		A14721A3272EF0A300C5B6FE /* UIKit+Preview.swift in Sources */ = {isa = PBXBuildFile; fileRef = A14721A2272EF0A300C5B6FE /* UIKit+Preview.swift */; };
		A15F72E82730A5C50065AB0C /* lint.sh in Resources */ = {isa = PBXBuildFile; fileRef = A15F72E52730A5C50065AB0C /* lint.sh */; };
		A15F72E92730A5C50065AB0C /* generate-strings.sh in Resources */ = {isa = PBXBuildFile; fileRef = A15F72E62730A5C50065AB0C /* generate-strings.sh */; };
		A191BDC7273337F000C76185 /* Validatable.swift in Sources */ = {isa = PBXBuildFile; fileRef = A191BDC6273337F000C76185 /* Validatable.swift */; };
		A191BDCC27333A6700C76185 /* Rule.swift in Sources */ = {isa = PBXBuildFile; fileRef = A191BDCB27333A6700C76185 /* Rule.swift */; };
		A191BDCF27333A8B00C76185 /* RequiredRule.swift in Sources */ = {isa = PBXBuildFile; fileRef = A191BDCE27333A8B00C76185 /* RequiredRule.swift */; };
		A191BDD227333AA400C76185 /* MinLengthRule.swift in Sources */ = {isa = PBXBuildFile; fileRef = A191BDD127333AA400C76185 /* MinLengthRule.swift */; };
		A191BDD527333AC400C76185 /* ConfirmationRule.swift in Sources */ = {isa = PBXBuildFile; fileRef = A191BDD427333AC400C76185 /* ConfirmationRule.swift */; };
		A191BDD827333B1200C76185 /* ValidationError.swift in Sources */ = {isa = PBXBuildFile; fileRef = A191BDD727333B1200C76185 /* ValidationError.swift */; };
		A191BDDB27333BA600C76185 /* ValidationDelegate.swift in Sources */ = {isa = PBXBuildFile; fileRef = A191BDDA27333BA600C76185 /* ValidationDelegate.swift */; };
		A191BDDE27333BEF00C76185 /* Validator.swift in Sources */ = {isa = PBXBuildFile; fileRef = A191BDDD27333BEF00C76185 /* Validator.swift */; };
		A191BDE127333DE600C76185 /* ValidatorDictionary.swift in Sources */ = {isa = PBXBuildFile; fileRef = A191BDE027333DE500C76185 /* ValidatorDictionary.swift */; };
		A191BDE627333F3A00C76185 /* ValidationRule.swift in Sources */ = {isa = PBXBuildFile; fileRef = A191BDE527333F3A00C76185 /* ValidationRule.swift */; };
		A191BDE9273340B600C76185 /* RegexRule.swift in Sources */ = {isa = PBXBuildFile; fileRef = A191BDE8273340B600C76185 /* RegexRule.swift */; };
		A191BDEC2733419000C76185 /* EmailRule.swift in Sources */ = {isa = PBXBuildFile; fileRef = A191BDEB2733419000C76185 /* EmailRule.swift */; };
		A1927512272A04AA00A18EE0 /* Log.swift in Sources */ = {isa = PBXBuildFile; fileRef = A1927511272A04AA00A18EE0 /* Log.swift */; };
		A1927545272A259000A18EE0 /* Router.swift in Sources */ = {isa = PBXBuildFile; fileRef = A1927544272A259000A18EE0 /* Router.swift */; };
		A1927553272A270B00A18EE0 /* AppCoordinator.swift in Sources */ = {isa = PBXBuildFile; fileRef = A1927552272A270B00A18EE0 /* AppCoordinator.swift */; };
		A1927562272A2A0900A18EE0 /* LoginCoordinator.swift in Sources */ = {isa = PBXBuildFile; fileRef = A1927561272A2A0900A18EE0 /* LoginCoordinator.swift */; };
		A192757C272AB30000A18EE0 /* RouterFactory.swift in Sources */ = {isa = PBXBuildFile; fileRef = A192757B272AB30000A18EE0 /* RouterFactory.swift */; };
		A1927583272ABB6700A18EE0 /* LoginViewModel.swift in Sources */ = {isa = PBXBuildFile; fileRef = A1927582272ABB6700A18EE0 /* LoginViewModel.swift */; };
		A1C1EB36272B0BAB0060ECF3 /* ModalNavigationRouter.swift in Sources */ = {isa = PBXBuildFile; fileRef = A1C1EB35272B0BAB0060ECF3 /* ModalNavigationRouter.swift */; };
		A1C1EB39272B0C8A0060ECF3 /* NavigationRouter.swift in Sources */ = {isa = PBXBuildFile; fileRef = A1C1EB38272B0C8A0060ECF3 /* NavigationRouter.swift */; };
		A1C1EB3C272B0CA90060ECF3 /* WindowRootRouter.swift in Sources */ = {isa = PBXBuildFile; fileRef = A1C1EB3B272B0CA90060ECF3 /* WindowRootRouter.swift */; };
		A1C1EB40272B0D2C0060ECF3 /* Coordinator.swift in Sources */ = {isa = PBXBuildFile; fileRef = A1C1EB3F272B0D2C0060ECF3 /* Coordinator.swift */; };
		A1C1EB60272B36D20060ECF3 /* LoggerProtocol.swift in Sources */ = {isa = PBXBuildFile; fileRef = A1C1EB5F272B36D20060ECF3 /* LoggerProtocol.swift */; };
		A1C1EB64272B36EA0060ECF3 /* ConsoleLogger.swift in Sources */ = {isa = PBXBuildFile; fileRef = A1C1EB63272B36EA0060ECF3 /* ConsoleLogger.swift */; };
		A1C1EB67272B44D60060ECF3 /* Assembler+Extension.swift in Sources */ = {isa = PBXBuildFile; fileRef = A1C1EB66272B44D60060ECF3 /* Assembler+Extension.swift */; };
		A1C1EB85272B6A9E0060ECF3 /* UIView+Add.swift in Sources */ = {isa = PBXBuildFile; fileRef = A1C1EB84272B6A9E0060ECF3 /* UIView+Add.swift */; };
		A1C1EB88272B6AD40060ECF3 /* Appearance.swift in Sources */ = {isa = PBXBuildFile; fileRef = A1C1EB87272B6AD40060ECF3 /* Appearance.swift */; };
		A1C1EB8D272C22140060ECF3 /* LoginAssembly.swift in Sources */ = {isa = PBXBuildFile; fileRef = A1C1EB8C272C22140060ECF3 /* LoginAssembly.swift */; };
		A1C1EB91272C225F0060ECF3 /* ServicesAssembly.swift in Sources */ = {isa = PBXBuildFile; fileRef = A1C1EB90272C225F0060ECF3 /* ServicesAssembly.swift */; };
		A1C1EB95272C23990060ECF3 /* Constants.swift in Sources */ = {isa = PBXBuildFile; fileRef = A1C1EB94272C23990060ECF3 /* Constants.swift */; };
		A1C1EB9C272C2A660060ECF3 /* UIColor+Extension.swift in Sources */ = {isa = PBXBuildFile; fileRef = A1C1EB9B272C2A660060ECF3 /* UIColor+Extension.swift */; };
		A1CD684A2730AFDA00F33E04 /* swiftgen.yml in Resources */ = {isa = PBXBuildFile; fileRef = A1CD68492730AFDA00F33E04 /* swiftgen.yml */; };
		A1CD685B2730B2B900F33E04 /* Strings.swift in Sources */ = {isa = PBXBuildFile; fileRef = A1CD68582730B2B900F33E04 /* Strings.swift */; };
		A1CD685C2730B2B900F33E04 /* Localizable.strings in Resources */ = {isa = PBXBuildFile; fileRef = A1CD68592730B2B900F33E04 /* Localizable.strings */; };
		A1CD68C52730B4E400F33E04 /* Assets.xcassets in Resources */ = {isa = PBXBuildFile; fileRef = A1CD68C42730B4E400F33E04 /* Assets.xcassets */; };
		A1D32BAF27301D1200042CEA /* Style.swift in Sources */ = {isa = PBXBuildFile; fileRef = A1D32BAE27301D1200042CEA /* Style.swift */; };
		A1DA94BF27320CFE00C37852 /* AuthService.swift in Sources */ = {isa = PBXBuildFile; fileRef = A1DA94BE27320CFE00C37852 /* AuthService.swift */; };
		A1ECB3F32730C43600DB280F /* .swiftlint.yml in Resources */ = {isa = PBXBuildFile; fileRef = A1ECB3F22730C43600DB280F /* .swiftlint.yml */; };
		A1ECB3F82731724100DB280F /* Theme.swift in Sources */ = {isa = PBXBuildFile; fileRef = A1ECB3F72731724100DB280F /* Theme.swift */; };
/* End PBXBuildFile section */

/* Begin PBXFileReference section */
		0B68610AE945ED9A1C9E3F73 /* Pods-MessangerApp.debug.xcconfig */ = {isa = PBXFileReference; includeInIndex = 1; lastKnownFileType = text.xcconfig; name = "Pods-MessangerApp.debug.xcconfig"; path = "Target Support Files/Pods-MessangerApp/Pods-MessangerApp.debug.xcconfig"; sourceTree = "<group>"; };
		A105DDBD272D7C5C0067A5ED /* UIButtons.swift */ = {isa = PBXFileReference; lastKnownFileType = sourcecode.swift; path = UIButtons.swift; sourceTree = "<group>"; };
		A105DDC2272D807C0067A5ED /* UITextFields.swift */ = {isa = PBXFileReference; lastKnownFileType = sourcecode.swift; path = UITextFields.swift; sourceTree = "<group>"; };
		A105DDC5272D815C0067A5ED /* UIViews.swift */ = {isa = PBXFileReference; lastKnownFileType = sourcecode.swift; path = UIViews.swift; sourceTree = "<group>"; };
		A105DDC9272D96D30067A5ED /* ViewController.swift */ = {isa = PBXFileReference; lastKnownFileType = sourcecode.swift; path = ViewController.swift; sourceTree = "<group>"; };
		A105DDCC272D97490067A5ED /* LoginView.swift */ = {isa = PBXFileReference; lastKnownFileType = sourcecode.swift; path = LoginView.swift; sourceTree = "<group>"; };
		A105DDD0272DC5AE0067A5ED /* RegistrationView.swift */ = {isa = PBXFileReference; lastKnownFileType = sourcecode.swift; path = RegistrationView.swift; sourceTree = "<group>"; };
		A105DDD3272DC5D50067A5ED /* RegistrationViewController.swift */ = {isa = PBXFileReference; lastKnownFileType = sourcecode.swift; path = RegistrationViewController.swift; sourceTree = "<group>"; };
		A105DDD6272DC62E0067A5ED /* RegistrationCoordinator.swift */ = {isa = PBXFileReference; lastKnownFileType = sourcecode.swift; path = RegistrationCoordinator.swift; sourceTree = "<group>"; };
		A105DDD9272DC73E0067A5ED /* RegistrationViewModel.swift */ = {isa = PBXFileReference; lastKnownFileType = sourcecode.swift; path = RegistrationViewModel.swift; sourceTree = "<group>"; };
		A105DDDC272DC76B0067A5ED /* RegistrationAssembly.swift */ = {isa = PBXFileReference; lastKnownFileType = sourcecode.swift; path = RegistrationAssembly.swift; sourceTree = "<group>"; };
		A11F53D427295A810031CEB4 /* MessangerApp.app */ = {isa = PBXFileReference; explicitFileType = wrapper.application; includeInIndex = 0; path = MessangerApp.app; sourceTree = BUILT_PRODUCTS_DIR; };
		A11F53D727295A810031CEB4 /* AppDelegate.swift */ = {isa = PBXFileReference; lastKnownFileType = sourcecode.swift; path = AppDelegate.swift; sourceTree = "<group>"; };
		A11F53DB27295A810031CEB4 /* LoginViewController.swift */ = {isa = PBXFileReference; lastKnownFileType = sourcecode.swift; path = LoginViewController.swift; sourceTree = "<group>"; };
		A11F53E327295A810031CEB4 /* Base */ = {isa = PBXFileReference; lastKnownFileType = file.storyboard; name = Base; path = Base.lproj/LaunchScreen.storyboard; sourceTree = "<group>"; };
		A11F53E527295A810031CEB4 /* Info.plist */ = {isa = PBXFileReference; lastKnownFileType = text.plist.xml; path = Info.plist; sourceTree = "<group>"; };
		A11F53FD272964070031CEB4 /* GoogleService-Info.plist */ = {isa = PBXFileReference; fileEncoding = 4; lastKnownFileType = text.plist.xml; path = "GoogleService-Info.plist"; sourceTree = "<group>"; };
		A13293BF2730B64A003AAF9F /* Assets.swift */ = {isa = PBXFileReference; fileEncoding = 4; lastKnownFileType = sourcecode.swift; path = Assets.swift; sourceTree = "<group>"; };
		A13293C22730B6C0003AAF9F /* ru */ = {isa = PBXFileReference; lastKnownFileType = text.plist.strings; name = ru; path = ru.lproj/Localizable.strings; sourceTree = "<group>"; };
		A14721A2272EF0A300C5B6FE /* UIKit+Preview.swift */ = {isa = PBXFileReference; lastKnownFileType = sourcecode.swift; path = "UIKit+Preview.swift"; sourceTree = "<group>"; };
		A15F72E52730A5C50065AB0C /* lint.sh */ = {isa = PBXFileReference; fileEncoding = 4; lastKnownFileType = text.script.sh; path = lint.sh; sourceTree = "<group>"; };
		A15F72E62730A5C50065AB0C /* generate-strings.sh */ = {isa = PBXFileReference; fileEncoding = 4; lastKnownFileType = text.script.sh; path = "generate-strings.sh"; sourceTree = "<group>"; };
		A191BDC6273337F000C76185 /* Validatable.swift */ = {isa = PBXFileReference; lastKnownFileType = sourcecode.swift; path = Validatable.swift; sourceTree = "<group>"; };
		A191BDCB27333A6700C76185 /* Rule.swift */ = {isa = PBXFileReference; lastKnownFileType = sourcecode.swift; path = Rule.swift; sourceTree = "<group>"; };
		A191BDCE27333A8B00C76185 /* RequiredRule.swift */ = {isa = PBXFileReference; lastKnownFileType = sourcecode.swift; path = RequiredRule.swift; sourceTree = "<group>"; };
		A191BDD127333AA400C76185 /* MinLengthRule.swift */ = {isa = PBXFileReference; lastKnownFileType = sourcecode.swift; path = MinLengthRule.swift; sourceTree = "<group>"; };
		A191BDD427333AC400C76185 /* ConfirmationRule.swift */ = {isa = PBXFileReference; lastKnownFileType = sourcecode.swift; path = ConfirmationRule.swift; sourceTree = "<group>"; };
		A191BDD727333B1200C76185 /* ValidationError.swift */ = {isa = PBXFileReference; lastKnownFileType = sourcecode.swift; path = ValidationError.swift; sourceTree = "<group>"; };
		A191BDDA27333BA600C76185 /* ValidationDelegate.swift */ = {isa = PBXFileReference; lastKnownFileType = sourcecode.swift; path = ValidationDelegate.swift; sourceTree = "<group>"; };
		A191BDDD27333BEF00C76185 /* Validator.swift */ = {isa = PBXFileReference; lastKnownFileType = sourcecode.swift; path = Validator.swift; sourceTree = "<group>"; };
		A191BDE027333DE500C76185 /* ValidatorDictionary.swift */ = {isa = PBXFileReference; lastKnownFileType = sourcecode.swift; path = ValidatorDictionary.swift; sourceTree = "<group>"; };
		A191BDE527333F3A00C76185 /* ValidationRule.swift */ = {isa = PBXFileReference; lastKnownFileType = sourcecode.swift; path = ValidationRule.swift; sourceTree = "<group>"; };
		A191BDE8273340B600C76185 /* RegexRule.swift */ = {isa = PBXFileReference; lastKnownFileType = sourcecode.swift; path = RegexRule.swift; sourceTree = "<group>"; };
		A191BDEB2733419000C76185 /* EmailRule.swift */ = {isa = PBXFileReference; lastKnownFileType = sourcecode.swift; path = EmailRule.swift; sourceTree = "<group>"; };
		A1927511272A04AA00A18EE0 /* Log.swift */ = {isa = PBXFileReference; lastKnownFileType = sourcecode.swift; path = Log.swift; sourceTree = "<group>"; };
		A1927544272A259000A18EE0 /* Router.swift */ = {isa = PBXFileReference; lastKnownFileType = sourcecode.swift; path = Router.swift; sourceTree = "<group>"; };
		A1927552272A270B00A18EE0 /* AppCoordinator.swift */ = {isa = PBXFileReference; lastKnownFileType = sourcecode.swift; path = AppCoordinator.swift; sourceTree = "<group>"; };
		A1927561272A2A0900A18EE0 /* LoginCoordinator.swift */ = {isa = PBXFileReference; lastKnownFileType = sourcecode.swift; path = LoginCoordinator.swift; sourceTree = "<group>"; };
		A192757B272AB30000A18EE0 /* RouterFactory.swift */ = {isa = PBXFileReference; lastKnownFileType = sourcecode.swift; path = RouterFactory.swift; sourceTree = "<group>"; };
		A1927582272ABB6700A18EE0 /* LoginViewModel.swift */ = {isa = PBXFileReference; lastKnownFileType = sourcecode.swift; path = LoginViewModel.swift; sourceTree = "<group>"; };
		A1C1EB35272B0BAB0060ECF3 /* ModalNavigationRouter.swift */ = {isa = PBXFileReference; lastKnownFileType = sourcecode.swift; path = ModalNavigationRouter.swift; sourceTree = "<group>"; };
		A1C1EB38272B0C8A0060ECF3 /* NavigationRouter.swift */ = {isa = PBXFileReference; lastKnownFileType = sourcecode.swift; path = NavigationRouter.swift; sourceTree = "<group>"; };
		A1C1EB3B272B0CA90060ECF3 /* WindowRootRouter.swift */ = {isa = PBXFileReference; lastKnownFileType = sourcecode.swift; path = WindowRootRouter.swift; sourceTree = "<group>"; };
		A1C1EB3F272B0D2C0060ECF3 /* Coordinator.swift */ = {isa = PBXFileReference; lastKnownFileType = sourcecode.swift; path = Coordinator.swift; sourceTree = "<group>"; };
		A1C1EB5F272B36D20060ECF3 /* LoggerProtocol.swift */ = {isa = PBXFileReference; lastKnownFileType = sourcecode.swift; path = LoggerProtocol.swift; sourceTree = "<group>"; };
		A1C1EB63272B36EA0060ECF3 /* ConsoleLogger.swift */ = {isa = PBXFileReference; lastKnownFileType = sourcecode.swift; path = ConsoleLogger.swift; sourceTree = "<group>"; };
		A1C1EB66272B44D60060ECF3 /* Assembler+Extension.swift */ = {isa = PBXFileReference; lastKnownFileType = sourcecode.swift; path = "Assembler+Extension.swift"; sourceTree = "<group>"; };
		A1C1EB84272B6A9E0060ECF3 /* UIView+Add.swift */ = {isa = PBXFileReference; lastKnownFileType = sourcecode.swift; path = "UIView+Add.swift"; sourceTree = "<group>"; };
		A1C1EB87272B6AD40060ECF3 /* Appearance.swift */ = {isa = PBXFileReference; lastKnownFileType = sourcecode.swift; path = Appearance.swift; sourceTree = "<group>"; };
		A1C1EB8C272C22140060ECF3 /* LoginAssembly.swift */ = {isa = PBXFileReference; lastKnownFileType = sourcecode.swift; path = LoginAssembly.swift; sourceTree = "<group>"; };
		A1C1EB90272C225F0060ECF3 /* ServicesAssembly.swift */ = {isa = PBXFileReference; lastKnownFileType = sourcecode.swift; path = ServicesAssembly.swift; sourceTree = "<group>"; };
		A1C1EB94272C23990060ECF3 /* Constants.swift */ = {isa = PBXFileReference; lastKnownFileType = sourcecode.swift; path = Constants.swift; sourceTree = "<group>"; };
		A1C1EB9B272C2A660060ECF3 /* UIColor+Extension.swift */ = {isa = PBXFileReference; lastKnownFileType = sourcecode.swift; path = "UIColor+Extension.swift"; sourceTree = "<group>"; };
		A1CD68492730AFDA00F33E04 /* swiftgen.yml */ = {isa = PBXFileReference; fileEncoding = 4; lastKnownFileType = text.yaml; path = swiftgen.yml; sourceTree = "<group>"; };
		A1CD68582730B2B900F33E04 /* Strings.swift */ = {isa = PBXFileReference; fileEncoding = 4; lastKnownFileType = sourcecode.swift; path = Strings.swift; sourceTree = "<group>"; };
		A1CD685A2730B2B900F33E04 /* Base */ = {isa = PBXFileReference; lastKnownFileType = text.plist.strings; name = Base; path = Base.lproj/Localizable.strings; sourceTree = "<group>"; };
		A1CD68C42730B4E400F33E04 /* Assets.xcassets */ = {isa = PBXFileReference; lastKnownFileType = folder.assetcatalog; path = Assets.xcassets; sourceTree = "<group>"; };
		A1D32BAE27301D1200042CEA /* Style.swift */ = {isa = PBXFileReference; lastKnownFileType = sourcecode.swift; path = Style.swift; sourceTree = "<group>"; };
		A1DA94BE27320CFE00C37852 /* AuthService.swift */ = {isa = PBXFileReference; lastKnownFileType = sourcecode.swift; path = AuthService.swift; sourceTree = "<group>"; };
		A1ECB3F22730C43600DB280F /* .swiftlint.yml */ = {isa = PBXFileReference; lastKnownFileType = text.yaml; path = .swiftlint.yml; sourceTree = "<group>"; };
		A1ECB3F72731724100DB280F /* Theme.swift */ = {isa = PBXFileReference; lastKnownFileType = sourcecode.swift; path = Theme.swift; sourceTree = "<group>"; };
		BDB144E268BCACD02ECF44A5 /* Pods_MessangerApp.framework */ = {isa = PBXFileReference; explicitFileType = wrapper.framework; includeInIndex = 0; path = Pods_MessangerApp.framework; sourceTree = BUILT_PRODUCTS_DIR; };
		BEFD560E591ABEC8315206B9 /* Pods-MessangerApp.release.xcconfig */ = {isa = PBXFileReference; includeInIndex = 1; lastKnownFileType = text.xcconfig; name = "Pods-MessangerApp.release.xcconfig"; path = "Target Support Files/Pods-MessangerApp/Pods-MessangerApp.release.xcconfig"; sourceTree = "<group>"; };
/* End PBXFileReference section */

/* Begin PBXFrameworksBuildPhase section */
		A11F53D127295A810031CEB4 /* Frameworks */ = {
			isa = PBXFrameworksBuildPhase;
			buildActionMask = 2147483647;
			files = (
				1D86CE3005FF57B581C51A4E /* Pods_MessangerApp.framework in Frameworks */,
			);
			runOnlyForDeploymentPostprocessing = 0;
		};
/* End PBXFrameworksBuildPhase section */

/* Begin PBXGroup section */
		95BE9E82D5C9B29CC9DCC263 /* Frameworks */ = {
			isa = PBXGroup;
			children = (
				BDB144E268BCACD02ECF44A5 /* Pods_MessangerApp.framework */,
			);
			name = Frameworks;
			sourceTree = "<group>";
		};
		A105DDBC272D7C420067A5ED /* UI */ = {
			isa = PBXGroup;
			children = (
				A105DDBD272D7C5C0067A5ED /* UIButtons.swift */,
				A105DDC2272D807C0067A5ED /* UITextFields.swift */,
				A105DDC5272D815C0067A5ED /* UIViews.swift */,
			);
			path = UI;
			sourceTree = "<group>";
		};
		A105DDC8272D96C50067A5ED /* Generics */ = {
			isa = PBXGroup;
			children = (
				A105DDC9272D96D30067A5ED /* ViewController.swift */,
			);
			path = Generics;
			sourceTree = "<group>";
		};
		A11F53CB27295A800031CEB4 = {
			isa = PBXGroup;
			children = (
				A15F72E42730A5C50065AB0C /* Build-Phases */,
				A11F53D627295A810031CEB4 /* MessangerApp */,
				A11F53D527295A810031CEB4 /* Products */,
				D1E0846B30D8DA63F576C4DB /* Pods */,
				95BE9E82D5C9B29CC9DCC263 /* Frameworks */,
				A1ECB3F22730C43600DB280F /* .swiftlint.yml */,
				A1CD68492730AFDA00F33E04 /* swiftgen.yml */,
			);
			sourceTree = "<group>";
		};
		A11F53D527295A810031CEB4 /* Products */ = {
			isa = PBXGroup;
			children = (
				A11F53D427295A810031CEB4 /* MessangerApp.app */,
			);
			name = Products;
			sourceTree = "<group>";
		};
		A11F53D627295A810031CEB4 /* MessangerApp */ = {
			isa = PBXGroup;
			children = (
				A1C1EB52272B27160060ECF3 /* Config */,
				A1C1EB46272B20F70060ECF3 /* Domain */,
				A1C1EB45272B1F790060ECF3 /* Lib */,
				A1CD68572730B2B900F33E04 /* Resources */,
				A1927552272A270B00A18EE0 /* AppCoordinator.swift */,
				A11F53D727295A810031CEB4 /* AppDelegate.swift */,
				A11F53E527295A810031CEB4 /* Info.plist */,
				A11F53FD272964070031CEB4 /* GoogleService-Info.plist */,
				A1CD68C42730B4E400F33E04 /* Assets.xcassets */,
			);
			path = MessangerApp;
			sourceTree = "<group>";
		};
		A15F72E42730A5C50065AB0C /* Build-Phases */ = {
			isa = PBXGroup;
			children = (
				A15F72E52730A5C50065AB0C /* lint.sh */,
				A15F72E62730A5C50065AB0C /* generate-strings.sh */,
			);
			path = "Build-Phases";
			sourceTree = "<group>";
		};
		A191BDC1273330A000C76185 /* Validator */ = {
			isa = PBXGroup;
			children = (
				A191BDC6273337F000C76185 /* Validatable.swift */,
				A191BDDA27333BA600C76185 /* ValidationDelegate.swift */,
				A191BDD727333B1200C76185 /* ValidationError.swift */,
				A191BDDD27333BEF00C76185 /* Validator.swift */,
				A191BDE027333DE500C76185 /* ValidatorDictionary.swift */,
				A191BDCA27333A5400C76185 /* Rules */,
			);
			path = Validator;
			sourceTree = "<group>";
		};
		A191BDCA27333A5400C76185 /* Rules */ = {
			isa = PBXGroup;
			children = (
				A191BDD427333AC400C76185 /* ConfirmationRule.swift */,
				A191BDEB2733419000C76185 /* EmailRule.swift */,
				A191BDD127333AA400C76185 /* MinLengthRule.swift */,
				A191BDE8273340B600C76185 /* RegexRule.swift */,
				A191BDCE27333A8B00C76185 /* RequiredRule.swift */,
				A191BDCB27333A6700C76185 /* Rule.swift */,
				A191BDE527333F3A00C76185 /* ValidationRule.swift */,
			);
			path = Rules;
			sourceTree = "<group>";
		};
		A192750E272A003B00A18EE0 /* Authorization */ = {
			isa = PBXGroup;
			children = (
				A1927538272A23E200A18EE0 /* Registration */,
				A1927537272A23CD00A18EE0 /* Login */,
			);
			path = Authorization;
			sourceTree = "<group>";
		};
		A1927510272A044B00A18EE0 /* LaunchScreen */ = {
			isa = PBXGroup;
			children = (
				A11F53E227295A810031CEB4 /* LaunchScreen.storyboard */,
			);
			path = LaunchScreen;
			sourceTree = "<group>";
		};
		A1927537272A23CD00A18EE0 /* Login */ = {
			isa = PBXGroup;
			children = (
				A1C1EB8C272C22140060ECF3 /* LoginAssembly.swift */,
				A1927561272A2A0900A18EE0 /* LoginCoordinator.swift */,
				A105DDCC272D97490067A5ED /* LoginView.swift */,
				A11F53DB27295A810031CEB4 /* LoginViewController.swift */,
				A1927582272ABB6700A18EE0 /* LoginViewModel.swift */,
			);
			path = Login;
			sourceTree = "<group>";
		};
		A1927538272A23E200A18EE0 /* Registration */ = {
			isa = PBXGroup;
			children = (
				A105DDD0272DC5AE0067A5ED /* RegistrationView.swift */,
				A105DDD3272DC5D50067A5ED /* RegistrationViewController.swift */,
				A105DDD6272DC62E0067A5ED /* RegistrationCoordinator.swift */,
				A105DDD9272DC73E0067A5ED /* RegistrationViewModel.swift */,
				A105DDDC272DC76B0067A5ED /* RegistrationAssembly.swift */,
			);
			path = Registration;
			sourceTree = "<group>";
		};
		A1C1EB33272B0B620060ECF3 /* Router */ = {
			isa = PBXGroup;
			children = (
				A1927544272A259000A18EE0 /* Router.swift */,
				A192757B272AB30000A18EE0 /* RouterFactory.swift */,
				A1C1EB35272B0BAB0060ECF3 /* ModalNavigationRouter.swift */,
				A1C1EB38272B0C8A0060ECF3 /* NavigationRouter.swift */,
				A1C1EB3B272B0CA90060ECF3 /* WindowRootRouter.swift */,
			);
			path = Router;
			sourceTree = "<group>";
		};
		A1C1EB3E272B0D1D0060ECF3 /* Coordinator */ = {
			isa = PBXGroup;
			children = (
				A1C1EB3F272B0D2C0060ECF3 /* Coordinator.swift */,
			);
			path = Coordinator;
			sourceTree = "<group>";
		};
		A1C1EB45272B1F790060ECF3 /* Lib */ = {
			isa = PBXGroup;
			children = (
				A1C1EB3E272B0D1D0060ECF3 /* Coordinator */,
				A1DA94BD27320CE600C37852 /* Services */,
				A105DDC8272D96C50067A5ED /* Generics */,
				A1C1EB83272B6A910060ECF3 /* UI */,
				A1C1EB5E272B36BC0060ECF3 /* Logger */,
				A1C1EB33272B0B620060ECF3 /* Router */,
				A191BDC1273330A000C76185 /* Validator */,
			);
			path = Lib;
			sourceTree = "<group>";
		};
		A1C1EB46272B20F70060ECF3 /* Domain */ = {
			isa = PBXGroup;
			children = (
				A192750E272A003B00A18EE0 /* Authorization */,
				A1927510272A044B00A18EE0 /* LaunchScreen */,
				A105DDBC272D7C420067A5ED /* UI */,
			);
			path = Domain;
			sourceTree = "<group>";
		};
		A1C1EB52272B27160060ECF3 /* Config */ = {
			isa = PBXGroup;
			children = (
				A1C1EB8B272C21F80060ECF3 /* Assembly */,
				A1C1EB87272B6AD40060ECF3 /* Appearance.swift */,
				A1C1EB66272B44D60060ECF3 /* Assembler+Extension.swift */,
				A1C1EB94272C23990060ECF3 /* Constants.swift */,
				A1D32BAE27301D1200042CEA /* Style.swift */,
				A1ECB3F72731724100DB280F /* Theme.swift */,
			);
			path = Config;
			sourceTree = "<group>";
		};
		A1C1EB5E272B36BC0060ECF3 /* Logger */ = {
			isa = PBXGroup;
			children = (
				A1C1EB5F272B36D20060ECF3 /* LoggerProtocol.swift */,
				A1C1EB63272B36EA0060ECF3 /* ConsoleLogger.swift */,
				A1927511272A04AA00A18EE0 /* Log.swift */,
			);
			path = Logger;
			sourceTree = "<group>";
		};
		A1C1EB83272B6A910060ECF3 /* UI */ = {
			isa = PBXGroup;
			children = (
				A1C1EB84272B6A9E0060ECF3 /* UIView+Add.swift */,
				A1C1EB9B272C2A660060ECF3 /* UIColor+Extension.swift */,
				A14721A2272EF0A300C5B6FE /* UIKit+Preview.swift */,
			);
			path = UI;
			sourceTree = "<group>";
		};
		A1C1EB8B272C21F80060ECF3 /* Assembly */ = {
			isa = PBXGroup;
			children = (
				A1C1EB90272C225F0060ECF3 /* ServicesAssembly.swift */,
			);
			path = Assembly;
			sourceTree = "<group>";
		};
		A1CD68572730B2B900F33E04 /* Resources */ = {
			isa = PBXGroup;
			children = (
				A13293BF2730B64A003AAF9F /* Assets.swift */,
				A1CD68592730B2B900F33E04 /* Localizable.strings */,
				A1CD68582730B2B900F33E04 /* Strings.swift */,
			);
			path = Resources;
			sourceTree = "<group>";
		};
		A1DA94BD27320CE600C37852 /* Services */ = {
			isa = PBXGroup;
			children = (
				A1DA94BE27320CFE00C37852 /* AuthService.swift */,
			);
			path = Services;
			sourceTree = "<group>";
		};
		D1E0846B30D8DA63F576C4DB /* Pods */ = {
			isa = PBXGroup;
			children = (
				0B68610AE945ED9A1C9E3F73 /* Pods-MessangerApp.debug.xcconfig */,
				BEFD560E591ABEC8315206B9 /* Pods-MessangerApp.release.xcconfig */,
			);
			path = Pods;
			sourceTree = "<group>";
		};
/* End PBXGroup section */

/* Begin PBXNativeTarget section */
		A11F53D327295A810031CEB4 /* MessangerApp */ = {
			isa = PBXNativeTarget;
			buildConfigurationList = A11F53E827295A810031CEB4 /* Build configuration list for PBXNativeTarget "MessangerApp" */;
			buildPhases = (
				A15F72F22730A7110065AB0C /* Generate strings */,
				A1CCE1B32730C27F00569C31 /* SwiftLint */,
				7C829F8ED637EF494E78419E /* [CP] Check Pods Manifest.lock */,
				A11F53D027295A810031CEB4 /* Sources */,
				A11F53D127295A810031CEB4 /* Frameworks */,
				A11F53D227295A810031CEB4 /* Resources */,
				C042046FE513ECADD53CF665 /* [CP] Embed Pods Frameworks */,
			);
			buildRules = (
			);
			dependencies = (
			);
			name = MessangerApp;
			productName = MessangerApp;
			productReference = A11F53D427295A810031CEB4 /* MessangerApp.app */;
			productType = "com.apple.product-type.application";
		};
/* End PBXNativeTarget section */

/* Begin PBXProject section */
		A11F53CC27295A800031CEB4 /* Project object */ = {
			isa = PBXProject;
			attributes = {
				LastSwiftUpdateCheck = 1240;
				LastUpgradeCheck = 1240;
				TargetAttributes = {
					A11F53D327295A810031CEB4 = {
						CreatedOnToolsVersion = 12.4;
					};
				};
			};
			buildConfigurationList = A11F53CF27295A800031CEB4 /* Build configuration list for PBXProject "MessangerApp" */;
			compatibilityVersion = "Xcode 9.3";
			developmentRegion = en;
			hasScannedForEncodings = 0;
			knownRegions = (
				en,
				Base,
				ru,
			);
			mainGroup = A11F53CB27295A800031CEB4;
			productRefGroup = A11F53D527295A810031CEB4 /* Products */;
			projectDirPath = "";
			projectRoot = "";
			targets = (
				A11F53D327295A810031CEB4 /* MessangerApp */,
			);
		};
/* End PBXProject section */

/* Begin PBXResourcesBuildPhase section */
		A11F53D227295A810031CEB4 /* Resources */ = {
			isa = PBXResourcesBuildPhase;
			buildActionMask = 2147483647;
			files = (
				A1ECB3F32730C43600DB280F /* .swiftlint.yml in Resources */,
				A11F53E427295A810031CEB4 /* LaunchScreen.storyboard in Resources */,
				A11F53FE272964070031CEB4 /* GoogleService-Info.plist in Resources */,
				A1CD68C52730B4E400F33E04 /* Assets.xcassets in Resources */,
				A15F72E82730A5C50065AB0C /* lint.sh in Resources */,
				A1CD685C2730B2B900F33E04 /* Localizable.strings in Resources */,
				A15F72E92730A5C50065AB0C /* generate-strings.sh in Resources */,
				A1CD684A2730AFDA00F33E04 /* swiftgen.yml in Resources */,
			);
			runOnlyForDeploymentPostprocessing = 0;
		};
/* End PBXResourcesBuildPhase section */

/* Begin PBXShellScriptBuildPhase section */
		7C829F8ED637EF494E78419E /* [CP] Check Pods Manifest.lock */ = {
			isa = PBXShellScriptBuildPhase;
			buildActionMask = 2147483647;
			files = (
			);
			inputFileListPaths = (
			);
			inputPaths = (
				"${PODS_PODFILE_DIR_PATH}/Podfile.lock",
				"${PODS_ROOT}/Manifest.lock",
			);
			name = "[CP] Check Pods Manifest.lock";
			outputFileListPaths = (
			);
			outputPaths = (
				"$(DERIVED_FILE_DIR)/Pods-MessangerApp-checkManifestLockResult.txt",
			);
			runOnlyForDeploymentPostprocessing = 0;
			shellPath = /bin/sh;
			shellScript = "diff \"${PODS_PODFILE_DIR_PATH}/Podfile.lock\" \"${PODS_ROOT}/Manifest.lock\" > /dev/null\nif [ $? != 0 ] ; then\n    # print error to STDERR\n    echo \"error: The sandbox is not in sync with the Podfile.lock. Run 'pod install' or update your CocoaPods installation.\" >&2\n    exit 1\nfi\n# This output is used by Xcode 'outputs' to avoid re-running this script phase.\necho \"SUCCESS\" > \"${SCRIPT_OUTPUT_FILE_0}\"\n";
			showEnvVarsInLog = 0;
		};
		A15F72F22730A7110065AB0C /* Generate strings */ = {
			isa = PBXShellScriptBuildPhase;
			buildActionMask = 2147483647;
			files = (
			);
			inputFileListPaths = (
			);
			inputPaths = (
			);
			name = "Generate strings";
			outputFileListPaths = (
			);
			outputPaths = (
			);
			runOnlyForDeploymentPostprocessing = 0;
			shellPath = /bin/sh;
			shellScript = "$SRCROOT/Build-Phases/generate-strings.sh\n";
		};
		A1CCE1B32730C27F00569C31 /* SwiftLint */ = {
			isa = PBXShellScriptBuildPhase;
			buildActionMask = 2147483647;
			files = (
			);
			inputFileListPaths = (
			);
			inputPaths = (
			);
			name = SwiftLint;
			outputFileListPaths = (
			);
			outputPaths = (
			);
			runOnlyForDeploymentPostprocessing = 0;
			shellPath = /bin/sh;
			shellScript = "$SRCROOT/Build-Phases/lint.sh\n";
		};
		C042046FE513ECADD53CF665 /* [CP] Embed Pods Frameworks */ = {
			isa = PBXShellScriptBuildPhase;
			buildActionMask = 2147483647;
			files = (
			);
			inputFileListPaths = (
				"${PODS_ROOT}/Target Support Files/Pods-MessangerApp/Pods-MessangerApp-frameworks-${CONFIGURATION}-input-files.xcfilelist",
			);
			name = "[CP] Embed Pods Frameworks";
			outputFileListPaths = (
				"${PODS_ROOT}/Target Support Files/Pods-MessangerApp/Pods-MessangerApp-frameworks-${CONFIGURATION}-output-files.xcfilelist",
			);
			runOnlyForDeploymentPostprocessing = 0;
			shellPath = /bin/sh;
			shellScript = "\"${PODS_ROOT}/Target Support Files/Pods-MessangerApp/Pods-MessangerApp-frameworks.sh\"\n";
			showEnvVarsInLog = 0;
		};
/* End PBXShellScriptBuildPhase section */

/* Begin PBXSourcesBuildPhase section */
		A11F53D027295A810031CEB4 /* Sources */ = {
			isa = PBXSourcesBuildPhase;
			buildActionMask = 2147483647;
			files = (
				A1C1EB40272B0D2C0060ECF3 /* Coordinator.swift in Sources */,
				A105DDDA272DC73E0067A5ED /* RegistrationViewModel.swift in Sources */,
				A1C1EB91272C225F0060ECF3 /* ServicesAssembly.swift in Sources */,
				A1C1EB88272B6AD40060ECF3 /* Appearance.swift in Sources */,
				A105DDD1272DC5AE0067A5ED /* RegistrationView.swift in Sources */,
				A1C1EB9C272C2A660060ECF3 /* UIColor+Extension.swift in Sources */,
				A191BDE127333DE600C76185 /* ValidatorDictionary.swift in Sources */,
				A1C1EB39272B0C8A0060ECF3 /* NavigationRouter.swift in Sources */,
				A14721A3272EF0A300C5B6FE /* UIKit+Preview.swift in Sources */,
				A13293C02730B64A003AAF9F /* Assets.swift in Sources */,
				A1ECB3F82731724100DB280F /* Theme.swift in Sources */,
				A191BDCF27333A8B00C76185 /* RequiredRule.swift in Sources */,
				A1C1EB3C272B0CA90060ECF3 /* WindowRootRouter.swift in Sources */,
				A1C1EB64272B36EA0060ECF3 /* ConsoleLogger.swift in Sources */,
				A105DDC3272D807C0067A5ED /* UITextFields.swift in Sources */,
				A105DDCA272D96D30067A5ED /* ViewController.swift in Sources */,
				A1CD685B2730B2B900F33E04 /* Strings.swift in Sources */,
				A1C1EB36272B0BAB0060ECF3 /* ModalNavigationRouter.swift in Sources */,
				A11F53DC27295A810031CEB4 /* LoginViewController.swift in Sources */,
				A192757C272AB30000A18EE0 /* RouterFactory.swift in Sources */,
				A191BDDB27333BA600C76185 /* ValidationDelegate.swift in Sources */,
				A1927562272A2A0900A18EE0 /* LoginCoordinator.swift in Sources */,
				A1C1EB85272B6A9E0060ECF3 /* UIView+Add.swift in Sources */,
				A191BDCC27333A6700C76185 /* Rule.swift in Sources */,
				A105DDDD272DC76B0067A5ED /* RegistrationAssembly.swift in Sources */,
				A191BDC7273337F000C76185 /* Validatable.swift in Sources */,
				A1C1EB95272C23990060ECF3 /* Constants.swift in Sources */,
				A1C1EB60272B36D20060ECF3 /* LoggerProtocol.swift in Sources */,
				A191BDDE27333BEF00C76185 /* Validator.swift in Sources */,
				A1C1EB8D272C22140060ECF3 /* LoginAssembly.swift in Sources */,
				A191BDE627333F3A00C76185 /* ValidationRule.swift in Sources */,
				A191BDD227333AA400C76185 /* MinLengthRule.swift in Sources */,
				A191BDD827333B1200C76185 /* ValidationError.swift in Sources */,
				A191BDEC2733419000C76185 /* EmailRule.swift in Sources */,
				A191BDD527333AC400C76185 /* ConfirmationRule.swift in Sources */,
				A1927545272A259000A18EE0 /* Router.swift in Sources */,
				A1927583272ABB6700A18EE0 /* LoginViewModel.swift in Sources */,
				A11F53D827295A810031CEB4 /* AppDelegate.swift in Sources */,
				A1D32BAF27301D1200042CEA /* Style.swift in Sources */,
				A105DDCD272D97490067A5ED /* LoginView.swift in Sources */,
				A105DDD7272DC62E0067A5ED /* RegistrationCoordinator.swift in Sources */,
				A1DA94BF27320CFE00C37852 /* AuthService.swift in Sources */,
				A1C1EB67272B44D60060ECF3 /* Assembler+Extension.swift in Sources */,
				A1927553272A270B00A18EE0 /* AppCoordinator.swift in Sources */,
				A105DDBE272D7C5C0067A5ED /* UIButtons.swift in Sources */,
				A105DDC6272D815C0067A5ED /* UIViews.swift in Sources */,
				A191BDE9273340B600C76185 /* RegexRule.swift in Sources */,
				A1927512272A04AA00A18EE0 /* Log.swift in Sources */,
				A105DDD4272DC5D50067A5ED /* RegistrationViewController.swift in Sources */,
			);
			runOnlyForDeploymentPostprocessing = 0;
		};
/* End PBXSourcesBuildPhase section */

/* Begin PBXVariantGroup section */
		A11F53E227295A810031CEB4 /* LaunchScreen.storyboard */ = {
			isa = PBXVariantGroup;
			children = (
				A11F53E327295A810031CEB4 /* Base */,
			);
			name = LaunchScreen.storyboard;
			sourceTree = "<group>";
		};
		A1CD68592730B2B900F33E04 /* Localizable.strings */ = {
			isa = PBXVariantGroup;
			children = (
				A1CD685A2730B2B900F33E04 /* Base */,
				A13293C22730B6C0003AAF9F /* ru */,
			);
			name = Localizable.strings;
			sourceTree = "<group>";
		};
/* End PBXVariantGroup section */

/* Begin XCBuildConfiguration section */
		A11F53E627295A810031CEB4 /* Debug */ = {
			isa = XCBuildConfiguration;
			buildSettings = {
				ALWAYS_SEARCH_USER_PATHS = NO;
				CLANG_ANALYZER_LOCALIZABILITY_NONLOCALIZED = YES;
				CLANG_ANALYZER_NONNULL = YES;
				CLANG_ANALYZER_NUMBER_OBJECT_CONVERSION = YES_AGGRESSIVE;
				CLANG_CXX_LANGUAGE_STANDARD = "gnu++14";
				CLANG_CXX_LIBRARY = "libc++";
				CLANG_ENABLE_MODULES = YES;
				CLANG_ENABLE_OBJC_ARC = YES;
				CLANG_ENABLE_OBJC_WEAK = YES;
				CLANG_WARN_BLOCK_CAPTURE_AUTORELEASING = YES;
				CLANG_WARN_BOOL_CONVERSION = YES;
				CLANG_WARN_COMMA = YES;
				CLANG_WARN_CONSTANT_CONVERSION = YES;
				CLANG_WARN_DEPRECATED_OBJC_IMPLEMENTATIONS = YES;
				CLANG_WARN_DIRECT_OBJC_ISA_USAGE = YES_ERROR;
				CLANG_WARN_DOCUMENTATION_COMMENTS = YES;
				CLANG_WARN_EMPTY_BODY = YES;
				CLANG_WARN_ENUM_CONVERSION = YES;
				CLANG_WARN_INFINITE_RECURSION = YES;
				CLANG_WARN_INT_CONVERSION = YES;
				CLANG_WARN_NON_LITERAL_NULL_CONVERSION = YES;
				CLANG_WARN_OBJC_IMPLICIT_RETAIN_SELF = YES;
				CLANG_WARN_OBJC_LITERAL_CONVERSION = YES;
				CLANG_WARN_OBJC_ROOT_CLASS = YES_ERROR;
				CLANG_WARN_QUOTED_INCLUDE_IN_FRAMEWORK_HEADER = YES;
				CLANG_WARN_RANGE_LOOP_ANALYSIS = YES;
				CLANG_WARN_STRICT_PROTOTYPES = YES;
				CLANG_WARN_SUSPICIOUS_MOVE = YES;
				CLANG_WARN_UNGUARDED_AVAILABILITY = YES_AGGRESSIVE;
				CLANG_WARN_UNREACHABLE_CODE = YES;
				CLANG_WARN__DUPLICATE_METHOD_MATCH = YES;
				COPY_PHASE_STRIP = NO;
				DEBUG_INFORMATION_FORMAT = dwarf;
				ENABLE_STRICT_OBJC_MSGSEND = YES;
				ENABLE_TESTABILITY = YES;
				GCC_C_LANGUAGE_STANDARD = gnu11;
				GCC_DYNAMIC_NO_PIC = NO;
				GCC_NO_COMMON_BLOCKS = YES;
				GCC_OPTIMIZATION_LEVEL = 0;
				GCC_PREPROCESSOR_DEFINITIONS = (
					"DEBUG=1",
					"$(inherited)",
				);
				GCC_WARN_64_TO_32_BIT_CONVERSION = YES;
				GCC_WARN_ABOUT_RETURN_TYPE = YES_ERROR;
				GCC_WARN_UNDECLARED_SELECTOR = YES;
				GCC_WARN_UNINITIALIZED_AUTOS = YES_AGGRESSIVE;
				GCC_WARN_UNUSED_FUNCTION = YES;
				GCC_WARN_UNUSED_VARIABLE = YES;
				IPHONEOS_DEPLOYMENT_TARGET = 12.1;
				MTL_ENABLE_DEBUG_INFO = INCLUDE_SOURCE;
				MTL_FAST_MATH = YES;
				ONLY_ACTIVE_ARCH = YES;
				SDKROOT = iphoneos;
				SWIFT_ACTIVE_COMPILATION_CONDITIONS = DEBUG;
				SWIFT_OPTIMIZATION_LEVEL = "-Onone";
			};
			name = Debug;
		};
		A11F53E727295A810031CEB4 /* Release */ = {
			isa = XCBuildConfiguration;
			buildSettings = {
				ALWAYS_SEARCH_USER_PATHS = NO;
				CLANG_ANALYZER_LOCALIZABILITY_NONLOCALIZED = YES;
				CLANG_ANALYZER_NONNULL = YES;
				CLANG_ANALYZER_NUMBER_OBJECT_CONVERSION = YES_AGGRESSIVE;
				CLANG_CXX_LANGUAGE_STANDARD = "gnu++14";
				CLANG_CXX_LIBRARY = "libc++";
				CLANG_ENABLE_MODULES = YES;
				CLANG_ENABLE_OBJC_ARC = YES;
				CLANG_ENABLE_OBJC_WEAK = YES;
				CLANG_WARN_BLOCK_CAPTURE_AUTORELEASING = YES;
				CLANG_WARN_BOOL_CONVERSION = YES;
				CLANG_WARN_COMMA = YES;
				CLANG_WARN_CONSTANT_CONVERSION = YES;
				CLANG_WARN_DEPRECATED_OBJC_IMPLEMENTATIONS = YES;
				CLANG_WARN_DIRECT_OBJC_ISA_USAGE = YES_ERROR;
				CLANG_WARN_DOCUMENTATION_COMMENTS = YES;
				CLANG_WARN_EMPTY_BODY = YES;
				CLANG_WARN_ENUM_CONVERSION = YES;
				CLANG_WARN_INFINITE_RECURSION = YES;
				CLANG_WARN_INT_CONVERSION = YES;
				CLANG_WARN_NON_LITERAL_NULL_CONVERSION = YES;
				CLANG_WARN_OBJC_IMPLICIT_RETAIN_SELF = YES;
				CLANG_WARN_OBJC_LITERAL_CONVERSION = YES;
				CLANG_WARN_OBJC_ROOT_CLASS = YES_ERROR;
				CLANG_WARN_QUOTED_INCLUDE_IN_FRAMEWORK_HEADER = YES;
				CLANG_WARN_RANGE_LOOP_ANALYSIS = YES;
				CLANG_WARN_STRICT_PROTOTYPES = YES;
				CLANG_WARN_SUSPICIOUS_MOVE = YES;
				CLANG_WARN_UNGUARDED_AVAILABILITY = YES_AGGRESSIVE;
				CLANG_WARN_UNREACHABLE_CODE = YES;
				CLANG_WARN__DUPLICATE_METHOD_MATCH = YES;
				COPY_PHASE_STRIP = NO;
				DEBUG_INFORMATION_FORMAT = "dwarf-with-dsym";
				ENABLE_NS_ASSERTIONS = NO;
				ENABLE_STRICT_OBJC_MSGSEND = YES;
				GCC_C_LANGUAGE_STANDARD = gnu11;
				GCC_NO_COMMON_BLOCKS = YES;
				GCC_WARN_64_TO_32_BIT_CONVERSION = YES;
				GCC_WARN_ABOUT_RETURN_TYPE = YES_ERROR;
				GCC_WARN_UNDECLARED_SELECTOR = YES;
				GCC_WARN_UNINITIALIZED_AUTOS = YES_AGGRESSIVE;
				GCC_WARN_UNUSED_FUNCTION = YES;
				GCC_WARN_UNUSED_VARIABLE = YES;
				IPHONEOS_DEPLOYMENT_TARGET = 12.1;
				MTL_ENABLE_DEBUG_INFO = NO;
				MTL_FAST_MATH = YES;
				SDKROOT = iphoneos;
				SWIFT_COMPILATION_MODE = wholemodule;
				SWIFT_OPTIMIZATION_LEVEL = "-O";
				VALIDATE_PRODUCT = YES;
			};
			name = Release;
		};
		A11F53E927295A810031CEB4 /* Debug */ = {
			isa = XCBuildConfiguration;
			baseConfigurationReference = 0B68610AE945ED9A1C9E3F73 /* Pods-MessangerApp.debug.xcconfig */;
			buildSettings = {
				ASSETCATALOG_COMPILER_APPICON_NAME = AppIcon;
				ASSETCATALOG_COMPILER_GLOBAL_ACCENT_COLOR_NAME = AccentColor;
				CODE_SIGN_STYLE = Automatic;
				DEVELOPMENT_TEAM = 8CHVCWFP3P;
				INFOPLIST_FILE = MessangerApp/Info.plist;
				IPHONEOS_DEPLOYMENT_TARGET = 12.1;
				LD_RUNPATH_SEARCH_PATHS = (
					"$(inherited)",
					"@executable_path/Frameworks",
				);
				PRODUCT_BUNDLE_IDENTIFIER = ru.user.home.MessangerApp;
				PRODUCT_NAME = "$(TARGET_NAME)";
				SWIFT_VERSION = 5.0;
				TARGETED_DEVICE_FAMILY = "1,2";
			};
			name = Debug;
		};
		A11F53EA27295A810031CEB4 /* Release */ = {
			isa = XCBuildConfiguration;
			baseConfigurationReference = BEFD560E591ABEC8315206B9 /* Pods-MessangerApp.release.xcconfig */;
			buildSettings = {
				ASSETCATALOG_COMPILER_APPICON_NAME = AppIcon;
				ASSETCATALOG_COMPILER_GLOBAL_ACCENT_COLOR_NAME = AccentColor;
				CODE_SIGN_STYLE = Automatic;
				DEVELOPMENT_TEAM = 8CHVCWFP3P;
				INFOPLIST_FILE = MessangerApp/Info.plist;
				IPHONEOS_DEPLOYMENT_TARGET = 12.1;
				LD_RUNPATH_SEARCH_PATHS = (
					"$(inherited)",
					"@executable_path/Frameworks",
				);
				PRODUCT_BUNDLE_IDENTIFIER = ru.user.home.MessangerApp;
				PRODUCT_NAME = "$(TARGET_NAME)";
				SWIFT_VERSION = 5.0;
				TARGETED_DEVICE_FAMILY = "1,2";
			};
			name = Release;
		};
/* End XCBuildConfiguration section */

/* Begin XCConfigurationList section */
		A11F53CF27295A800031CEB4 /* Build configuration list for PBXProject "MessangerApp" */ = {
			isa = XCConfigurationList;
			buildConfigurations = (
				A11F53E627295A810031CEB4 /* Debug */,
				A11F53E727295A810031CEB4 /* Release */,
			);
			defaultConfigurationIsVisible = 0;
			defaultConfigurationName = Release;
		};
		A11F53E827295A810031CEB4 /* Build configuration list for PBXNativeTarget "MessangerApp" */ = {
			isa = XCConfigurationList;
			buildConfigurations = (
				A11F53E927295A810031CEB4 /* Debug */,
				A11F53EA27295A810031CEB4 /* Release */,
			);
			defaultConfigurationIsVisible = 0;
			defaultConfigurationName = Release;
		};
/* End XCConfigurationList section */
	};
	rootObject = A11F53CC27295A800031CEB4 /* Project object */;
}
