// !$*UTF8*$!
{
	archiveVersion = 1;
	classes = {
	};
	objectVersion = 51;
	objects = {

/* Begin PBXBuildFile section */
		2DC181D74F42E1F70374265C /* ProfileViewController.swift in Sources */ = {isa = PBXBuildFile; fileRef = 2DC18DCB834CAAF9911FF972 /* ProfileViewController.swift */; };
		2DC18A31A264F4679C4D9B01 /* ProfileView.swift in Sources */ = {isa = PBXBuildFile; fileRef = 2DC18BA76A7CC30BC8632AC8 /* ProfileView.swift */; };
		2DC18B6E03FCDB39214942A1 /* ProfileViewModel.swift in Sources */ = {isa = PBXBuildFile; fileRef = 2DC18B0737095CCA4DC85190 /* ProfileViewModel.swift */; };
		6D74986F6DE8542A016CC385 /* Pods_MessangerApp.framework in Frameworks */ = {isa = PBXBuildFile; fileRef = C1469BECFDB41972A11561FC /* Pods_MessangerApp.framework */; };
		A10181BE2741C5820039A63C /* Message.swift in Sources */ = {isa = PBXBuildFile; fileRef = A10181BD2741C5820039A63C /* Message.swift */; };
		A10181C42741C9860039A63C /* FileStorage.swift in Sources */ = {isa = PBXBuildFile; fileRef = A10181C32741C9860039A63C /* FileStorage.swift */; };
		A105DDBE272D7C5C0067A5ED /* UIButtons.swift in Sources */ = {isa = PBXBuildFile; fileRef = A105DDBD272D7C5C0067A5ED /* UIButtons.swift */; };
		A105DDCA272D96D30067A5ED /* ViewLoadable.swift in Sources */ = {isa = PBXBuildFile; fileRef = A105DDC9272D96D30067A5ED /* ViewLoadable.swift */; };
		A105DDCD272D97490067A5ED /* LoginView.swift in Sources */ = {isa = PBXBuildFile; fileRef = A105DDCC272D97490067A5ED /* LoginView.swift */; };
		A105DDD1272DC5AE0067A5ED /* RegistrationView.swift in Sources */ = {isa = PBXBuildFile; fileRef = A105DDD0272DC5AE0067A5ED /* RegistrationView.swift */; };
		A105DDD4272DC5D50067A5ED /* RegistrationViewController.swift in Sources */ = {isa = PBXBuildFile; fileRef = A105DDD3272DC5D50067A5ED /* RegistrationViewController.swift */; };
		A105DDD7272DC62E0067A5ED /* RegistrationCoordinator.swift in Sources */ = {isa = PBXBuildFile; fileRef = A105DDD6272DC62E0067A5ED /* RegistrationCoordinator.swift */; };
		A105DDDA272DC73E0067A5ED /* RegistrationViewModel.swift in Sources */ = {isa = PBXBuildFile; fileRef = A105DDD9272DC73E0067A5ED /* RegistrationViewModel.swift */; };
		A105DDDD272DC76B0067A5ED /* RegistrationAssembly.swift in Sources */ = {isa = PBXBuildFile; fileRef = A105DDDC272DC76B0067A5ED /* RegistrationAssembly.swift */; };
		A11025E1273702D000C9C498 /* SwiftyBeaverLoggerService.swift in Sources */ = {isa = PBXBuildFile; fileRef = A11025E0273702D000C9C498 /* SwiftyBeaverLoggerService.swift */; };
		A11025ED27374EDC00C9C498 /* MainTabBarCoordinator.swift in Sources */ = {isa = PBXBuildFile; fileRef = A11025EC27374EDC00C9C498 /* MainTabBarCoordinator.swift */; };
		A11D541B275259CA00B7B977 /* MessageDataMapper.swift in Sources */ = {isa = PBXBuildFile; fileRef = A11D541A275259CA00B7B977 /* MessageDataMapper.swift */; };
		A11D541E27525C9B00B7B977 /* Helpers.swift in Sources */ = {isa = PBXBuildFile; fileRef = A11D541D27525C9B00B7B977 /* Helpers.swift */; };
		A11F53D827295A810031CEB4 /* AppDelegate.swift in Sources */ = {isa = PBXBuildFile; fileRef = A11F53D727295A810031CEB4 /* AppDelegate.swift */; };
		A11F53DC27295A810031CEB4 /* LoginViewController.swift in Sources */ = {isa = PBXBuildFile; fileRef = A11F53DB27295A810031CEB4 /* LoginViewController.swift */; };
		A11F53E427295A810031CEB4 /* LaunchScreen.storyboard in Resources */ = {isa = PBXBuildFile; fileRef = A11F53E227295A810031CEB4 /* LaunchScreen.storyboard */; };
		A11F53FE272964070031CEB4 /* GoogleService-Info.plist in Resources */ = {isa = PBXBuildFile; fileRef = A11F53FD272964070031CEB4 /* GoogleService-Info.plist */; };
		A1210733274D81EF0052E330 /* UserProfile.swift in Sources */ = {isa = PBXBuildFile; fileRef = A1210732274D81EF0052E330 /* UserProfile.swift */; };
		A1210737274D88800052E330 /* Cache.swift in Sources */ = {isa = PBXBuildFile; fileRef = A1210736274D88800052E330 /* Cache.swift */; };
		A121073C274DAE250052E330 /* SF-Pro-Text-Semibold.otf in Resources */ = {isa = PBXBuildFile; fileRef = A121073B274DAE1F0052E330 /* SF-Pro-Text-Semibold.otf */; };
		A121073F274DAE600052E330 /* SF-Pro-Text-Regular.otf in Resources */ = {isa = PBXBuildFile; fileRef = A121073E274DAE600052E330 /* SF-Pro-Text-Regular.otf */; };
		A1210742274DAF450052E330 /* Fonts.swift in Sources */ = {isa = PBXBuildFile; fileRef = A1210741274DAF450052E330 /* Fonts.swift */; };
		A1210746274DD01F0052E330 /* SF-Pro-Text-Medium.otf in Resources */ = {isa = PBXBuildFile; fileRef = A1210744274DCF070052E330 /* SF-Pro-Text-Medium.otf */; };
		A13293C02730B64A003AAF9F /* Assets.swift in Sources */ = {isa = PBXBuildFile; fileRef = A13293BF2730B64A003AAF9F /* Assets.swift */; };
		A1386C4427540A9400E8065F /* UserSession.swift in Sources */ = {isa = PBXBuildFile; fileRef = A1386C4327540A9400E8065F /* UserSession.swift */; };
		A139FA942742A6060081A473 /* ChatStorage.swift in Sources */ = {isa = PBXBuildFile; fileRef = A139FA932742A6060081A473 /* ChatStorage.swift */; };
		A14721A3272EF0A300C5B6FE /* UIKit+Preview.swift in Sources */ = {isa = PBXBuildFile; fileRef = A14721A2272EF0A300C5B6FE /* UIKit+Preview.swift */; };
		A15120D2274BE12700502271 /* UploadVideoHandler.swift in Sources */ = {isa = PBXBuildFile; fileRef = A15120D1274BE12700502271 /* UploadVideoHandler.swift */; };
		A15120D6274C092E00502271 /* Video+Extension.swift in Sources */ = {isa = PBXBuildFile; fileRef = A15120D5274C092E00502271 /* Video+Extension.swift */; };
		A15120DA274C122700502271 /* VideoMediaItem.swift in Sources */ = {isa = PBXBuildFile; fileRef = A15120D9274C122700502271 /* VideoMediaItem.swift */; };
		A1533A3C274462390070CD64 /* UserTableViewCell.swift in Sources */ = {isa = PBXBuildFile; fileRef = A1533A3B274462390070CD64 /* UserTableViewCell.swift */; };
		A1533A402744719A0070CD64 /* Date + Extension.swift in Sources */ = {isa = PBXBuildFile; fileRef = A1533A3F2744719A0070CD64 /* Date + Extension.swift */; };
		A15F72E82730A5C50065AB0C /* lint.sh in Resources */ = {isa = PBXBuildFile; fileRef = A15F72E52730A5C50065AB0C /* lint.sh */; };
		A15F72E92730A5C50065AB0C /* generate-strings.sh in Resources */ = {isa = PBXBuildFile; fileRef = A15F72E62730A5C50065AB0C /* generate-strings.sh */; };
		A161D6AC2738805600240FD8 /* ChatsViewController.swift in Sources */ = {isa = PBXBuildFile; fileRef = A161D6AB2738805600240FD8 /* ChatsViewController.swift */; };
		A171F622273ADC6200BC066B /* InputContainerWithValidation.swift in Sources */ = {isa = PBXBuildFile; fileRef = A171F621273ADC6200BC066B /* InputContainerWithValidation.swift */; };
		A171F625273ADEB800BC066B /* BaseTextField.swift in Sources */ = {isa = PBXBuildFile; fileRef = A171F624273ADEB800BC066B /* BaseTextField.swift */; };
		A171F62B273ADFF700BC066B /* UITextField+Extension.swift in Sources */ = {isa = PBXBuildFile; fileRef = A171F62A273ADFF700BC066B /* UITextField+Extension.swift */; };
		A171F631273AF8E900BC066B /* CompleteProfileViewController.swift in Sources */ = {isa = PBXBuildFile; fileRef = A171F630273AF8E900BC066B /* CompleteProfileViewController.swift */; };
		A171F634273AF8F700BC066B /* CompleteProfileView.swift in Sources */ = {isa = PBXBuildFile; fileRef = A171F633273AF8F700BC066B /* CompleteProfileView.swift */; };
		A171F637273AF99400BC066B /* CompleteProfileViewModel.swift in Sources */ = {isa = PBXBuildFile; fileRef = A171F636273AF99400BC066B /* CompleteProfileViewModel.swift */; };
		A171F63B273B3E3000BC066B /* ChatsCoordinator.swift in Sources */ = {isa = PBXBuildFile; fileRef = A171F63A273B3E3000BC066B /* ChatsCoordinator.swift */; };
		A171F63E273B3E6300BC066B /* ChatsViewModel.swift in Sources */ = {isa = PBXBuildFile; fileRef = A171F63D273B3E6300BC066B /* ChatsViewModel.swift */; };
		A171F641273B3F1A00BC066B /* ChatsAssembly.swift in Sources */ = {isa = PBXBuildFile; fileRef = A171F640273B3F1A00BC066B /* ChatsAssembly.swift */; };
		A1742631273D40BF00679ECE /* Storyboard.storyboard in Resources */ = {isa = PBXBuildFile; fileRef = A1742630273D40BF00679ECE /* Storyboard.storyboard */; };
		A1742635273DBB1800679ECE /* UserStorage.swift in Sources */ = {isa = PBXBuildFile; fileRef = A1742634273DBB1800679ECE /* UserStorage.swift */; };
		A1742654273DC26900679ECE /* User.swift in Sources */ = {isa = PBXBuildFile; fileRef = A1742653273DC26900679ECE /* User.swift */; };
		A18110F52737EA980013221A /* ChatViewController.swift in Sources */ = {isa = PBXBuildFile; fileRef = A18110F42737EA980013221A /* ChatViewController.swift */; };
		A18110F82737EAA50013221A /* ChatCoordinator.swift in Sources */ = {isa = PBXBuildFile; fileRef = A18110F72737EAA50013221A /* ChatCoordinator.swift */; };
		A18110FB2737EACA0013221A /* ChatAssembly.swift in Sources */ = {isa = PBXBuildFile; fileRef = A18110FA2737EACA0013221A /* ChatAssembly.swift */; };
		A191BDC7273337F000C76185 /* Validatable.swift in Sources */ = {isa = PBXBuildFile; fileRef = A191BDC6273337F000C76185 /* Validatable.swift */; };
		A191BDCC27333A6700C76185 /* Rule.swift in Sources */ = {isa = PBXBuildFile; fileRef = A191BDCB27333A6700C76185 /* Rule.swift */; };
		A191BDCF27333A8B00C76185 /* RequiredRule.swift in Sources */ = {isa = PBXBuildFile; fileRef = A191BDCE27333A8B00C76185 /* RequiredRule.swift */; };
		A191BDD227333AA400C76185 /* MinLengthRule.swift in Sources */ = {isa = PBXBuildFile; fileRef = A191BDD127333AA400C76185 /* MinLengthRule.swift */; };
		A191BDD527333AC400C76185 /* ConfirmationRule.swift in Sources */ = {isa = PBXBuildFile; fileRef = A191BDD427333AC400C76185 /* ConfirmationRule.swift */; };
		A191BDD827333B1200C76185 /* ValidationError.swift in Sources */ = {isa = PBXBuildFile; fileRef = A191BDD727333B1200C76185 /* ValidationError.swift */; };
		A191BDDB27333BA600C76185 /* ValidationDelegate.swift in Sources */ = {isa = PBXBuildFile; fileRef = A191BDDA27333BA600C76185 /* ValidationDelegate.swift */; };
		A191BDDE27333BEF00C76185 /* Validator.swift in Sources */ = {isa = PBXBuildFile; fileRef = A191BDDD27333BEF00C76185 /* Validator.swift */; };
		A191BDE127333DE600C76185 /* ValidatorDictionary.swift in Sources */ = {isa = PBXBuildFile; fileRef = A191BDE027333DE500C76185 /* ValidatorDictionary.swift */; };
		A191BDE627333F3A00C76185 /* ValidationRule.swift in Sources */ = {isa = PBXBuildFile; fileRef = A191BDE527333F3A00C76185 /* ValidationRule.swift */; };
		A191BDE9273340B600C76185 /* RegexRule.swift in Sources */ = {isa = PBXBuildFile; fileRef = A191BDE8273340B600C76185 /* RegexRule.swift */; };
		A191BDEC2733419000C76185 /* EmailRule.swift in Sources */ = {isa = PBXBuildFile; fileRef = A191BDEB2733419000C76185 /* EmailRule.swift */; };
		A191F0E3273C1D5500AABBFE /* SettingsViewController.swift in Sources */ = {isa = PBXBuildFile; fileRef = A191F0E2273C1D5500AABBFE /* SettingsViewController.swift */; };
		A191F0E6273C1D8900AABBFE /* SettingsCoordinator.swift in Sources */ = {isa = PBXBuildFile; fileRef = A191F0E5273C1D8900AABBFE /* SettingsCoordinator.swift */; };
		A191F0E9273C1DD000AABBFE /* SettingsViewModel.swift in Sources */ = {isa = PBXBuildFile; fileRef = A191F0E8273C1DD000AABBFE /* SettingsViewModel.swift */; };
		A191F0EC273C1DF300AABBFE /* SettingsAssembly.swift in Sources */ = {isa = PBXBuildFile; fileRef = A191F0EB273C1DF300AABBFE /* SettingsAssembly.swift */; };
		A191F0F0273C4AF800AABBFE /* SettingsProfileItemTableViewCell.swift in Sources */ = {isa = PBXBuildFile; fileRef = A191F0EF273C4AF800AABBFE /* SettingsProfileItemTableViewCell.swift */; };
		A191F0F4273C670A00AABBFE /* SettingsView.swift in Sources */ = {isa = PBXBuildFile; fileRef = A191F0F3273C670A00AABBFE /* SettingsView.swift */; };
		A19217302747CC2E0063F7C1 /* MessageStorage.swift in Sources */ = {isa = PBXBuildFile; fileRef = A192172F2747CC2E0063F7C1 /* MessageStorage.swift */; };
		A1927545272A259000A18EE0 /* Router.swift in Sources */ = {isa = PBXBuildFile; fileRef = A1927544272A259000A18EE0 /* Router.swift */; };
		A1927553272A270B00A18EE0 /* AppCoordinator.swift in Sources */ = {isa = PBXBuildFile; fileRef = A1927552272A270B00A18EE0 /* AppCoordinator.swift */; };
		A1927562272A2A0900A18EE0 /* LoginCoordinator.swift in Sources */ = {isa = PBXBuildFile; fileRef = A1927561272A2A0900A18EE0 /* LoginCoordinator.swift */; };
		A192757C272AB30000A18EE0 /* RouterFactory.swift in Sources */ = {isa = PBXBuildFile; fileRef = A192757B272AB30000A18EE0 /* RouterFactory.swift */; };
		A1927583272ABB6700A18EE0 /* LoginViewModel.swift in Sources */ = {isa = PBXBuildFile; fileRef = A1927582272ABB6700A18EE0 /* LoginViewModel.swift */; };
		A197B1E5273E7DD200AB6FD7 /* UsersViewController.swift in Sources */ = {isa = PBXBuildFile; fileRef = A197B1E4273E7DD200AB6FD7 /* UsersViewController.swift */; };
		A197B1E8273E7E2400AB6FD7 /* UsersViewModel.swift in Sources */ = {isa = PBXBuildFile; fileRef = A197B1E7273E7E2400AB6FD7 /* UsersViewModel.swift */; };
		A197B1EB273E7E8600AB6FD7 /* UsersCoordinator.swift in Sources */ = {isa = PBXBuildFile; fileRef = A197B1EA273E7E8600AB6FD7 /* UsersCoordinator.swift */; };
		A197B1EE273E7EAB00AB6FD7 /* UsersAssembly.swift in Sources */ = {isa = PBXBuildFile; fileRef = A197B1ED273E7EAB00AB6FD7 /* UsersAssembly.swift */; };
		A197B1FB273E84F700AB6FD7 /* ProfileAssembly.swift in Sources */ = {isa = PBXBuildFile; fileRef = A197B1FA273E84F700AB6FD7 /* ProfileAssembly.swift */; };
		A197B1FF273E853600AB6FD7 /* ProfileCoordinator.swift in Sources */ = {isa = PBXBuildFile; fileRef = A197B1FE273E853600AB6FD7 /* ProfileCoordinator.swift */; };
		A197B207273E978000AB6FD7 /* Chat.swift in Sources */ = {isa = PBXBuildFile; fileRef = A197B206273E978000AB6FD7 /* Chat.swift */; };
		A197B20B273E980100AB6FD7 /* ChatTableViewCell.swift in Sources */ = {isa = PBXBuildFile; fileRef = A197B20A273E980100AB6FD7 /* ChatTableViewCell.swift */; };
		A19F841E2756B2E80084E15C /* Query+Extension.swift in Sources */ = {isa = PBXBuildFile; fileRef = A19F841D2756B2E80084E15C /* Query+Extension.swift */; };
		A1B8E2CE274951C10050F86D /* MessageKind+Extension.swift in Sources */ = {isa = PBXBuildFile; fileRef = A1B8E2CD274951C10050F86D /* MessageKind+Extension.swift */; };
		A1B8E3192749BA300050F86D /* TypingService.swift in Sources */ = {isa = PBXBuildFile; fileRef = A1B8E3182749BA300050F86D /* TypingService.swift */; };
		A1BC5BE02746B845006D647C /* ImageMediaItem.swift in Sources */ = {isa = PBXBuildFile; fileRef = A1BC5BDF2746B845006D647C /* ImageMediaItem.swift */; };
		A1C1EB36272B0BAB0060ECF3 /* ModalNavigationRouter.swift in Sources */ = {isa = PBXBuildFile; fileRef = A1C1EB35272B0BAB0060ECF3 /* ModalNavigationRouter.swift */; };
		A1C1EB39272B0C8A0060ECF3 /* NavigationRouter.swift in Sources */ = {isa = PBXBuildFile; fileRef = A1C1EB38272B0C8A0060ECF3 /* NavigationRouter.swift */; };
		A1C1EB3C272B0CA90060ECF3 /* WindowRootRouter.swift in Sources */ = {isa = PBXBuildFile; fileRef = A1C1EB3B272B0CA90060ECF3 /* WindowRootRouter.swift */; };
		A1C1EB40272B0D2C0060ECF3 /* Coordinator.swift in Sources */ = {isa = PBXBuildFile; fileRef = A1C1EB3F272B0D2C0060ECF3 /* Coordinator.swift */; };
		A1C1EB60272B36D20060ECF3 /* LoggerService.swift in Sources */ = {isa = PBXBuildFile; fileRef = A1C1EB5F272B36D20060ECF3 /* LoggerService.swift */; };
		A1C1EB67272B44D60060ECF3 /* Assembler+Extension.swift in Sources */ = {isa = PBXBuildFile; fileRef = A1C1EB66272B44D60060ECF3 /* Assembler+Extension.swift */; };
		A1C1EB85272B6A9E0060ECF3 /* UIView+Add.swift in Sources */ = {isa = PBXBuildFile; fileRef = A1C1EB84272B6A9E0060ECF3 /* UIView+Add.swift */; };
		A1C1EB88272B6AD40060ECF3 /* Appearance.swift in Sources */ = {isa = PBXBuildFile; fileRef = A1C1EB87272B6AD40060ECF3 /* Appearance.swift */; };
		A1C1EB8D272C22140060ECF3 /* LoginAssembly.swift in Sources */ = {isa = PBXBuildFile; fileRef = A1C1EB8C272C22140060ECF3 /* LoginAssembly.swift */; };
		A1C1EB91272C225F0060ECF3 /* ServicesAssembly.swift in Sources */ = {isa = PBXBuildFile; fileRef = A1C1EB90272C225F0060ECF3 /* ServicesAssembly.swift */; };
		A1C1EB95272C23990060ECF3 /* Constants.swift in Sources */ = {isa = PBXBuildFile; fileRef = A1C1EB94272C23990060ECF3 /* Constants.swift */; };
		A1C1EB9C272C2A660060ECF3 /* UIColor+Extension.swift in Sources */ = {isa = PBXBuildFile; fileRef = A1C1EB9B272C2A660060ECF3 /* UIColor+Extension.swift */; };
		A1CD202427590BA20092EB04 /* ViewController.swift in Sources */ = {isa = PBXBuildFile; fileRef = A1CD202327590BA20092EB04 /* ViewController.swift */; };
		A1CD684A2730AFDA00F33E04 /* swiftgen.yml in Resources */ = {isa = PBXBuildFile; fileRef = A1CD68492730AFDA00F33E04 /* swiftgen.yml */; };
		A1CD685B2730B2B900F33E04 /* Strings.swift in Sources */ = {isa = PBXBuildFile; fileRef = A1CD68582730B2B900F33E04 /* Strings.swift */; };
		A1CD685C2730B2B900F33E04 /* Localizable.strings in Resources */ = {isa = PBXBuildFile; fileRef = A1CD68592730B2B900F33E04 /* Localizable.strings */; };
		A1CD68C52730B4E400F33E04 /* Assets.xcassets in Resources */ = {isa = PBXBuildFile; fileRef = A1CD68C42730B4E400F33E04 /* Assets.xcassets */; };
		A1D32BAF27301D1200042CEA /* Style.swift in Sources */ = {isa = PBXBuildFile; fileRef = A1D32BAE27301D1200042CEA /* Style.swift */; };
		A1DA94BF27320CFE00C37852 /* AuthService.swift in Sources */ = {isa = PBXBuildFile; fileRef = A1DA94BE27320CFE00C37852 /* AuthService.swift */; };
		A1DEF3DD274B001C003BFB88 /* UIAlertController+Extension.swift in Sources */ = {isa = PBXBuildFile; fileRef = A1DEF3DC274B001C003BFB88 /* UIAlertController+Extension.swift */; };
		A1DEF421274B17D7003BFB88 /* SendMessageHandler.swift in Sources */ = {isa = PBXBuildFile; fileRef = A1DEF420274B17D7003BFB88 /* SendMessageHandler.swift */; };
		A1E54162275196BB002F3B46 /* DataMapper.swift in Sources */ = {isa = PBXBuildFile; fileRef = A1E54161275196BB002F3B46 /* DataMapper.swift */; };
		A1E5416B2751C201002F3B46 /* ChatDataMapper.swift in Sources */ = {isa = PBXBuildFile; fileRef = A1E5416A2751C201002F3B46 /* ChatDataMapper.swift */; };
		A1E5416F275240C2002F3B46 /* DictionaryEncoder.swift in Sources */ = {isa = PBXBuildFile; fileRef = A1E5416E275240C2002F3B46 /* DictionaryEncoder.swift */; };
		A1E8C6D627565FF900428293 /* FirebaseFirestoreWrapper.swift in Sources */ = {isa = PBXBuildFile; fileRef = A1E8C6D527565FF900428293 /* FirebaseFirestoreWrapper.swift */; };
		A1ECB3F32730C43600DB280F /* .swiftlint.yml in Resources */ = {isa = PBXBuildFile; fileRef = A1ECB3F22730C43600DB280F /* .swiftlint.yml */; };
		A1F563F32745A9AB00883FFD /* MessagesDataSource.swift in Sources */ = {isa = PBXBuildFile; fileRef = A1F563F22745A9AB00883FFD /* MessagesDataSource.swift */; };
		A1F563F62745A9F000883FFD /* MessageCellDelegate.swift in Sources */ = {isa = PBXBuildFile; fileRef = A1F563F52745A9F000883FFD /* MessageCellDelegate.swift */; };
		A1F563F92745AA0600883FFD /* MessagesDisplayDelegate.swift in Sources */ = {isa = PBXBuildFile; fileRef = A1F563F82745AA0600883FFD /* MessagesDisplayDelegate.swift */; };
		A1F563FC2745AA1300883FFD /* MessagesLayoutDelegate.swift in Sources */ = {isa = PBXBuildFile; fileRef = A1F563FB2745AA1300883FFD /* MessagesLayoutDelegate.swift */; };
		A1F563FF2745AA2300883FFD /* InputBarAccessoryViewDelegate.swift in Sources */ = {isa = PBXBuildFile; fileRef = A1F563FE2745AA2300883FFD /* InputBarAccessoryViewDelegate.swift */; };
		A1F564022745AADE00883FFD /* ChatViewModel.swift in Sources */ = {isa = PBXBuildFile; fileRef = A1F564012745AADE00883FFD /* ChatViewModel.swift */; };
/* End PBXBuildFile section */

/* Begin PBXFileReference section */
		2DC18B0737095CCA4DC85190 /* ProfileViewModel.swift */ = {isa = PBXFileReference; fileEncoding = 4; lastKnownFileType = sourcecode.swift; path = ProfileViewModel.swift; sourceTree = "<group>"; };
		2DC18BA76A7CC30BC8632AC8 /* ProfileView.swift */ = {isa = PBXFileReference; fileEncoding = 4; lastKnownFileType = sourcecode.swift; path = ProfileView.swift; sourceTree = "<group>"; };
		2DC18DCB834CAAF9911FF972 /* ProfileViewController.swift */ = {isa = PBXFileReference; fileEncoding = 4; lastKnownFileType = sourcecode.swift; path = ProfileViewController.swift; sourceTree = "<group>"; };
		A10181BD2741C5820039A63C /* Message.swift */ = {isa = PBXFileReference; lastKnownFileType = sourcecode.swift; path = Message.swift; sourceTree = "<group>"; };
		A10181C32741C9860039A63C /* FileStorage.swift */ = {isa = PBXFileReference; lastKnownFileType = sourcecode.swift; path = FileStorage.swift; sourceTree = "<group>"; };
		A105DDBD272D7C5C0067A5ED /* UIButtons.swift */ = {isa = PBXFileReference; lastKnownFileType = sourcecode.swift; path = UIButtons.swift; sourceTree = "<group>"; };
		A105DDC9272D96D30067A5ED /* ViewLoadable.swift */ = {isa = PBXFileReference; lastKnownFileType = sourcecode.swift; path = ViewLoadable.swift; sourceTree = "<group>"; };
		A105DDCC272D97490067A5ED /* LoginView.swift */ = {isa = PBXFileReference; lastKnownFileType = sourcecode.swift; path = LoginView.swift; sourceTree = "<group>"; };
		A105DDD0272DC5AE0067A5ED /* RegistrationView.swift */ = {isa = PBXFileReference; lastKnownFileType = sourcecode.swift; path = RegistrationView.swift; sourceTree = "<group>"; };
		A105DDD3272DC5D50067A5ED /* RegistrationViewController.swift */ = {isa = PBXFileReference; lastKnownFileType = sourcecode.swift; path = RegistrationViewController.swift; sourceTree = "<group>"; };
		A105DDD6272DC62E0067A5ED /* RegistrationCoordinator.swift */ = {isa = PBXFileReference; lastKnownFileType = sourcecode.swift; path = RegistrationCoordinator.swift; sourceTree = "<group>"; };
		A105DDD9272DC73E0067A5ED /* RegistrationViewModel.swift */ = {isa = PBXFileReference; lastKnownFileType = sourcecode.swift; path = RegistrationViewModel.swift; sourceTree = "<group>"; };
		A105DDDC272DC76B0067A5ED /* RegistrationAssembly.swift */ = {isa = PBXFileReference; lastKnownFileType = sourcecode.swift; path = RegistrationAssembly.swift; sourceTree = "<group>"; };
		A11025E0273702D000C9C498 /* SwiftyBeaverLoggerService.swift */ = {isa = PBXFileReference; lastKnownFileType = sourcecode.swift; path = SwiftyBeaverLoggerService.swift; sourceTree = "<group>"; };
		A11025EC27374EDC00C9C498 /* MainTabBarCoordinator.swift */ = {isa = PBXFileReference; lastKnownFileType = sourcecode.swift; path = MainTabBarCoordinator.swift; sourceTree = "<group>"; };
		A11D541A275259CA00B7B977 /* MessageDataMapper.swift */ = {isa = PBXFileReference; lastKnownFileType = sourcecode.swift; path = MessageDataMapper.swift; sourceTree = "<group>"; };
		A11D541D27525C9B00B7B977 /* Helpers.swift */ = {isa = PBXFileReference; lastKnownFileType = sourcecode.swift; path = Helpers.swift; sourceTree = "<group>"; };
		A11F53D427295A810031CEB4 /* MessangerApp.app */ = {isa = PBXFileReference; explicitFileType = wrapper.application; includeInIndex = 0; path = MessangerApp.app; sourceTree = BUILT_PRODUCTS_DIR; };
		A11F53D727295A810031CEB4 /* AppDelegate.swift */ = {isa = PBXFileReference; lastKnownFileType = sourcecode.swift; path = AppDelegate.swift; sourceTree = "<group>"; };
		A11F53DB27295A810031CEB4 /* LoginViewController.swift */ = {isa = PBXFileReference; lastKnownFileType = sourcecode.swift; path = LoginViewController.swift; sourceTree = "<group>"; };
		A11F53E327295A810031CEB4 /* Base */ = {isa = PBXFileReference; lastKnownFileType = file.storyboard; name = Base; path = Base.lproj/LaunchScreen.storyboard; sourceTree = "<group>"; };
		A11F53E527295A810031CEB4 /* Info.plist */ = {isa = PBXFileReference; lastKnownFileType = text.plist.xml; path = Info.plist; sourceTree = "<group>"; };
		A11F53FD272964070031CEB4 /* GoogleService-Info.plist */ = {isa = PBXFileReference; fileEncoding = 4; lastKnownFileType = text.plist.xml; path = "GoogleService-Info.plist"; sourceTree = "<group>"; };
		A1210732274D81EF0052E330 /* UserProfile.swift */ = {isa = PBXFileReference; lastKnownFileType = sourcecode.swift; path = UserProfile.swift; sourceTree = "<group>"; };
		A1210736274D88800052E330 /* Cache.swift */ = {isa = PBXFileReference; lastKnownFileType = sourcecode.swift; path = Cache.swift; sourceTree = "<group>"; };
		A121073B274DAE1F0052E330 /* SF-Pro-Text-Semibold.otf */ = {isa = PBXFileReference; lastKnownFileType = file; path = "SF-Pro-Text-Semibold.otf"; sourceTree = "<group>"; };
		A121073E274DAE600052E330 /* SF-Pro-Text-Regular.otf */ = {isa = PBXFileReference; lastKnownFileType = file; path = "SF-Pro-Text-Regular.otf"; sourceTree = "<group>"; };
		A1210741274DAF450052E330 /* Fonts.swift */ = {isa = PBXFileReference; fileEncoding = 4; lastKnownFileType = sourcecode.swift; path = Fonts.swift; sourceTree = "<group>"; };
		A1210744274DCF070052E330 /* SF-Pro-Text-Medium.otf */ = {isa = PBXFileReference; lastKnownFileType = file; path = "SF-Pro-Text-Medium.otf"; sourceTree = "<group>"; };
		A13293BF2730B64A003AAF9F /* Assets.swift */ = {isa = PBXFileReference; fileEncoding = 4; lastKnownFileType = sourcecode.swift; path = Assets.swift; sourceTree = "<group>"; };
		A13293C22730B6C0003AAF9F /* ru */ = {isa = PBXFileReference; lastKnownFileType = text.plist.strings; name = ru; path = ru.lproj/Localizable.strings; sourceTree = "<group>"; };
		A1386C4327540A9400E8065F /* UserSession.swift */ = {isa = PBXFileReference; lastKnownFileType = sourcecode.swift; path = UserSession.swift; sourceTree = "<group>"; };
		A139FA932742A6060081A473 /* ChatStorage.swift */ = {isa = PBXFileReference; lastKnownFileType = sourcecode.swift; path = ChatStorage.swift; sourceTree = "<group>"; };
		A14721A2272EF0A300C5B6FE /* UIKit+Preview.swift */ = {isa = PBXFileReference; lastKnownFileType = sourcecode.swift; path = "UIKit+Preview.swift"; sourceTree = "<group>"; };
		A15120D1274BE12700502271 /* UploadVideoHandler.swift */ = {isa = PBXFileReference; lastKnownFileType = sourcecode.swift; path = UploadVideoHandler.swift; sourceTree = "<group>"; };
		A15120D5274C092E00502271 /* Video+Extension.swift */ = {isa = PBXFileReference; lastKnownFileType = sourcecode.swift; path = "Video+Extension.swift"; sourceTree = "<group>"; };
		A15120D9274C122700502271 /* VideoMediaItem.swift */ = {isa = PBXFileReference; lastKnownFileType = sourcecode.swift; path = VideoMediaItem.swift; sourceTree = "<group>"; };
		A1533A3B274462390070CD64 /* UserTableViewCell.swift */ = {isa = PBXFileReference; lastKnownFileType = sourcecode.swift; path = UserTableViewCell.swift; sourceTree = "<group>"; };
		A1533A3F2744719A0070CD64 /* Date + Extension.swift */ = {isa = PBXFileReference; lastKnownFileType = sourcecode.swift; path = "Date + Extension.swift"; sourceTree = "<group>"; };
		A15F72E52730A5C50065AB0C /* lint.sh */ = {isa = PBXFileReference; fileEncoding = 4; lastKnownFileType = text.script.sh; path = lint.sh; sourceTree = "<group>"; };
		A15F72E62730A5C50065AB0C /* generate-strings.sh */ = {isa = PBXFileReference; fileEncoding = 4; lastKnownFileType = text.script.sh; path = "generate-strings.sh"; sourceTree = "<group>"; };
		A161D6AB2738805600240FD8 /* ChatsViewController.swift */ = {isa = PBXFileReference; lastKnownFileType = sourcecode.swift; path = ChatsViewController.swift; sourceTree = "<group>"; };
		A171F621273ADC6200BC066B /* InputContainerWithValidation.swift */ = {isa = PBXFileReference; lastKnownFileType = sourcecode.swift; path = InputContainerWithValidation.swift; sourceTree = "<group>"; };
		A171F624273ADEB800BC066B /* BaseTextField.swift */ = {isa = PBXFileReference; lastKnownFileType = sourcecode.swift; path = BaseTextField.swift; sourceTree = "<group>"; };
		A171F62A273ADFF700BC066B /* UITextField+Extension.swift */ = {isa = PBXFileReference; lastKnownFileType = sourcecode.swift; path = "UITextField+Extension.swift"; sourceTree = "<group>"; };
		A171F630273AF8E900BC066B /* CompleteProfileViewController.swift */ = {isa = PBXFileReference; lastKnownFileType = sourcecode.swift; path = CompleteProfileViewController.swift; sourceTree = "<group>"; };
		A171F633273AF8F700BC066B /* CompleteProfileView.swift */ = {isa = PBXFileReference; lastKnownFileType = sourcecode.swift; path = CompleteProfileView.swift; sourceTree = "<group>"; };
		A171F636273AF99400BC066B /* CompleteProfileViewModel.swift */ = {isa = PBXFileReference; lastKnownFileType = sourcecode.swift; path = CompleteProfileViewModel.swift; sourceTree = "<group>"; };
		A171F63A273B3E3000BC066B /* ChatsCoordinator.swift */ = {isa = PBXFileReference; lastKnownFileType = sourcecode.swift; path = ChatsCoordinator.swift; sourceTree = "<group>"; };
		A171F63D273B3E6300BC066B /* ChatsViewModel.swift */ = {isa = PBXFileReference; lastKnownFileType = sourcecode.swift; path = ChatsViewModel.swift; sourceTree = "<group>"; };
		A171F640273B3F1A00BC066B /* ChatsAssembly.swift */ = {isa = PBXFileReference; lastKnownFileType = sourcecode.swift; path = ChatsAssembly.swift; sourceTree = "<group>"; };
		A1742630273D40BF00679ECE /* Storyboard.storyboard */ = {isa = PBXFileReference; lastKnownFileType = file.storyboard; path = Storyboard.storyboard; sourceTree = "<group>"; };
		A1742634273DBB1800679ECE /* UserStorage.swift */ = {isa = PBXFileReference; lastKnownFileType = sourcecode.swift; path = UserStorage.swift; sourceTree = "<group>"; };
		A1742653273DC26900679ECE /* User.swift */ = {isa = PBXFileReference; lastKnownFileType = sourcecode.swift; path = User.swift; sourceTree = "<group>"; };
		A18110F42737EA980013221A /* ChatViewController.swift */ = {isa = PBXFileReference; lastKnownFileType = sourcecode.swift; path = ChatViewController.swift; sourceTree = "<group>"; };
		A18110F72737EAA50013221A /* ChatCoordinator.swift */ = {isa = PBXFileReference; lastKnownFileType = sourcecode.swift; path = ChatCoordinator.swift; sourceTree = "<group>"; };
		A18110FA2737EACA0013221A /* ChatAssembly.swift */ = {isa = PBXFileReference; lastKnownFileType = sourcecode.swift; path = ChatAssembly.swift; sourceTree = "<group>"; };
		A191BDC6273337F000C76185 /* Validatable.swift */ = {isa = PBXFileReference; lastKnownFileType = sourcecode.swift; path = Validatable.swift; sourceTree = "<group>"; };
		A191BDCB27333A6700C76185 /* Rule.swift */ = {isa = PBXFileReference; lastKnownFileType = sourcecode.swift; path = Rule.swift; sourceTree = "<group>"; };
		A191BDCE27333A8B00C76185 /* RequiredRule.swift */ = {isa = PBXFileReference; lastKnownFileType = sourcecode.swift; path = RequiredRule.swift; sourceTree = "<group>"; };
		A191BDD127333AA400C76185 /* MinLengthRule.swift */ = {isa = PBXFileReference; lastKnownFileType = sourcecode.swift; path = MinLengthRule.swift; sourceTree = "<group>"; };
		A191BDD427333AC400C76185 /* ConfirmationRule.swift */ = {isa = PBXFileReference; lastKnownFileType = sourcecode.swift; path = ConfirmationRule.swift; sourceTree = "<group>"; };
		A191BDD727333B1200C76185 /* ValidationError.swift */ = {isa = PBXFileReference; lastKnownFileType = sourcecode.swift; path = ValidationError.swift; sourceTree = "<group>"; };
		A191BDDA27333BA600C76185 /* ValidationDelegate.swift */ = {isa = PBXFileReference; lastKnownFileType = sourcecode.swift; path = ValidationDelegate.swift; sourceTree = "<group>"; };
		A191BDDD27333BEF00C76185 /* Validator.swift */ = {isa = PBXFileReference; lastKnownFileType = sourcecode.swift; path = Validator.swift; sourceTree = "<group>"; };
		A191BDE027333DE500C76185 /* ValidatorDictionary.swift */ = {isa = PBXFileReference; lastKnownFileType = sourcecode.swift; path = ValidatorDictionary.swift; sourceTree = "<group>"; };
		A191BDE527333F3A00C76185 /* ValidationRule.swift */ = {isa = PBXFileReference; lastKnownFileType = sourcecode.swift; path = ValidationRule.swift; sourceTree = "<group>"; };
		A191BDE8273340B600C76185 /* RegexRule.swift */ = {isa = PBXFileReference; lastKnownFileType = sourcecode.swift; path = RegexRule.swift; sourceTree = "<group>"; };
		A191BDEB2733419000C76185 /* EmailRule.swift */ = {isa = PBXFileReference; lastKnownFileType = sourcecode.swift; path = EmailRule.swift; sourceTree = "<group>"; };
		A191F0E2273C1D5500AABBFE /* SettingsViewController.swift */ = {isa = PBXFileReference; lastKnownFileType = sourcecode.swift; path = SettingsViewController.swift; sourceTree = "<group>"; };
		A191F0E5273C1D8900AABBFE /* SettingsCoordinator.swift */ = {isa = PBXFileReference; lastKnownFileType = sourcecode.swift; path = SettingsCoordinator.swift; sourceTree = "<group>"; };
		A191F0E8273C1DD000AABBFE /* SettingsViewModel.swift */ = {isa = PBXFileReference; lastKnownFileType = sourcecode.swift; path = SettingsViewModel.swift; sourceTree = "<group>"; };
		A191F0EB273C1DF300AABBFE /* SettingsAssembly.swift */ = {isa = PBXFileReference; lastKnownFileType = sourcecode.swift; path = SettingsAssembly.swift; sourceTree = "<group>"; };
		A191F0EF273C4AF800AABBFE /* SettingsProfileItemTableViewCell.swift */ = {isa = PBXFileReference; lastKnownFileType = sourcecode.swift; path = SettingsProfileItemTableViewCell.swift; sourceTree = "<group>"; };
		A191F0F3273C670A00AABBFE /* SettingsView.swift */ = {isa = PBXFileReference; lastKnownFileType = sourcecode.swift; path = SettingsView.swift; sourceTree = "<group>"; };
		A192172F2747CC2E0063F7C1 /* MessageStorage.swift */ = {isa = PBXFileReference; lastKnownFileType = sourcecode.swift; path = MessageStorage.swift; sourceTree = "<group>"; };
		A1927544272A259000A18EE0 /* Router.swift */ = {isa = PBXFileReference; lastKnownFileType = sourcecode.swift; path = Router.swift; sourceTree = "<group>"; };
		A1927552272A270B00A18EE0 /* AppCoordinator.swift */ = {isa = PBXFileReference; lastKnownFileType = sourcecode.swift; path = AppCoordinator.swift; sourceTree = "<group>"; };
		A1927561272A2A0900A18EE0 /* LoginCoordinator.swift */ = {isa = PBXFileReference; lastKnownFileType = sourcecode.swift; path = LoginCoordinator.swift; sourceTree = "<group>"; };
		A192757B272AB30000A18EE0 /* RouterFactory.swift */ = {isa = PBXFileReference; lastKnownFileType = sourcecode.swift; path = RouterFactory.swift; sourceTree = "<group>"; };
		A1927582272ABB6700A18EE0 /* LoginViewModel.swift */ = {isa = PBXFileReference; lastKnownFileType = sourcecode.swift; path = LoginViewModel.swift; sourceTree = "<group>"; };
		A197B1E4273E7DD200AB6FD7 /* UsersViewController.swift */ = {isa = PBXFileReference; lastKnownFileType = sourcecode.swift; path = UsersViewController.swift; sourceTree = "<group>"; };
		A197B1E7273E7E2400AB6FD7 /* UsersViewModel.swift */ = {isa = PBXFileReference; lastKnownFileType = sourcecode.swift; path = UsersViewModel.swift; sourceTree = "<group>"; };
		A197B1EA273E7E8600AB6FD7 /* UsersCoordinator.swift */ = {isa = PBXFileReference; lastKnownFileType = sourcecode.swift; path = UsersCoordinator.swift; sourceTree = "<group>"; };
		A197B1ED273E7EAB00AB6FD7 /* UsersAssembly.swift */ = {isa = PBXFileReference; lastKnownFileType = sourcecode.swift; path = UsersAssembly.swift; sourceTree = "<group>"; };
		A197B1FA273E84F700AB6FD7 /* ProfileAssembly.swift */ = {isa = PBXFileReference; lastKnownFileType = sourcecode.swift; path = ProfileAssembly.swift; sourceTree = "<group>"; };
		A197B1FE273E853600AB6FD7 /* ProfileCoordinator.swift */ = {isa = PBXFileReference; lastKnownFileType = sourcecode.swift; path = ProfileCoordinator.swift; sourceTree = "<group>"; };
		A197B206273E978000AB6FD7 /* Chat.swift */ = {isa = PBXFileReference; lastKnownFileType = sourcecode.swift; path = Chat.swift; sourceTree = "<group>"; };
		A197B20A273E980100AB6FD7 /* ChatTableViewCell.swift */ = {isa = PBXFileReference; lastKnownFileType = sourcecode.swift; path = ChatTableViewCell.swift; sourceTree = "<group>"; };
		A19F841D2756B2E80084E15C /* Query+Extension.swift */ = {isa = PBXFileReference; lastKnownFileType = sourcecode.swift; path = "Query+Extension.swift"; sourceTree = "<group>"; };
		A1B8E2CD274951C10050F86D /* MessageKind+Extension.swift */ = {isa = PBXFileReference; lastKnownFileType = sourcecode.swift; path = "MessageKind+Extension.swift"; sourceTree = "<group>"; };
		A1B8E3182749BA300050F86D /* TypingService.swift */ = {isa = PBXFileReference; lastKnownFileType = sourcecode.swift; path = TypingService.swift; sourceTree = "<group>"; };
		A1BC5BDF2746B845006D647C /* ImageMediaItem.swift */ = {isa = PBXFileReference; lastKnownFileType = sourcecode.swift; path = ImageMediaItem.swift; sourceTree = "<group>"; };
		A1C1EB35272B0BAB0060ECF3 /* ModalNavigationRouter.swift */ = {isa = PBXFileReference; lastKnownFileType = sourcecode.swift; path = ModalNavigationRouter.swift; sourceTree = "<group>"; };
		A1C1EB38272B0C8A0060ECF3 /* NavigationRouter.swift */ = {isa = PBXFileReference; lastKnownFileType = sourcecode.swift; path = NavigationRouter.swift; sourceTree = "<group>"; };
		A1C1EB3B272B0CA90060ECF3 /* WindowRootRouter.swift */ = {isa = PBXFileReference; lastKnownFileType = sourcecode.swift; path = WindowRootRouter.swift; sourceTree = "<group>"; };
		A1C1EB3F272B0D2C0060ECF3 /* Coordinator.swift */ = {isa = PBXFileReference; lastKnownFileType = sourcecode.swift; path = Coordinator.swift; sourceTree = "<group>"; };
		A1C1EB5F272B36D20060ECF3 /* LoggerService.swift */ = {isa = PBXFileReference; lastKnownFileType = sourcecode.swift; path = LoggerService.swift; sourceTree = "<group>"; };
		A1C1EB66272B44D60060ECF3 /* Assembler+Extension.swift */ = {isa = PBXFileReference; lastKnownFileType = sourcecode.swift; path = "Assembler+Extension.swift"; sourceTree = "<group>"; };
		A1C1EB84272B6A9E0060ECF3 /* UIView+Add.swift */ = {isa = PBXFileReference; lastKnownFileType = sourcecode.swift; path = "UIView+Add.swift"; sourceTree = "<group>"; };
		A1C1EB87272B6AD40060ECF3 /* Appearance.swift */ = {isa = PBXFileReference; lastKnownFileType = sourcecode.swift; path = Appearance.swift; sourceTree = "<group>"; };
		A1C1EB8C272C22140060ECF3 /* LoginAssembly.swift */ = {isa = PBXFileReference; lastKnownFileType = sourcecode.swift; path = LoginAssembly.swift; sourceTree = "<group>"; };
		A1C1EB90272C225F0060ECF3 /* ServicesAssembly.swift */ = {isa = PBXFileReference; lastKnownFileType = sourcecode.swift; path = ServicesAssembly.swift; sourceTree = "<group>"; };
		A1C1EB94272C23990060ECF3 /* Constants.swift */ = {isa = PBXFileReference; lastKnownFileType = sourcecode.swift; path = Constants.swift; sourceTree = "<group>"; };
		A1C1EB9B272C2A660060ECF3 /* UIColor+Extension.swift */ = {isa = PBXFileReference; lastKnownFileType = sourcecode.swift; path = "UIColor+Extension.swift"; sourceTree = "<group>"; };
		A1CD202327590BA20092EB04 /* ViewController.swift */ = {isa = PBXFileReference; lastKnownFileType = sourcecode.swift; path = ViewController.swift; sourceTree = "<group>"; };
		A1CD68492730AFDA00F33E04 /* swiftgen.yml */ = {isa = PBXFileReference; fileEncoding = 4; lastKnownFileType = text.yaml; path = swiftgen.yml; sourceTree = "<group>"; };
		A1CD68582730B2B900F33E04 /* Strings.swift */ = {isa = PBXFileReference; fileEncoding = 4; lastKnownFileType = sourcecode.swift; path = Strings.swift; sourceTree = "<group>"; };
		A1CD685A2730B2B900F33E04 /* Base */ = {isa = PBXFileReference; lastKnownFileType = text.plist.strings; name = Base; path = Base.lproj/Localizable.strings; sourceTree = "<group>"; };
		A1CD68C42730B4E400F33E04 /* Assets.xcassets */ = {isa = PBXFileReference; lastKnownFileType = folder.assetcatalog; path = Assets.xcassets; sourceTree = "<group>"; };
		A1D32BAE27301D1200042CEA /* Style.swift */ = {isa = PBXFileReference; lastKnownFileType = sourcecode.swift; path = Style.swift; sourceTree = "<group>"; };
		A1DA94BE27320CFE00C37852 /* AuthService.swift */ = {isa = PBXFileReference; lastKnownFileType = sourcecode.swift; path = AuthService.swift; sourceTree = "<group>"; };
		A1DEF3DC274B001C003BFB88 /* UIAlertController+Extension.swift */ = {isa = PBXFileReference; lastKnownFileType = sourcecode.swift; path = "UIAlertController+Extension.swift"; sourceTree = "<group>"; };
		A1DEF420274B17D7003BFB88 /* SendMessageHandler.swift */ = {isa = PBXFileReference; lastKnownFileType = sourcecode.swift; path = SendMessageHandler.swift; sourceTree = "<group>"; };
		A1E54161275196BB002F3B46 /* DataMapper.swift */ = {isa = PBXFileReference; lastKnownFileType = sourcecode.swift; path = DataMapper.swift; sourceTree = "<group>"; };
		A1E5416A2751C201002F3B46 /* ChatDataMapper.swift */ = {isa = PBXFileReference; lastKnownFileType = sourcecode.swift; path = ChatDataMapper.swift; sourceTree = "<group>"; };
		A1E5416E275240C2002F3B46 /* DictionaryEncoder.swift */ = {isa = PBXFileReference; lastKnownFileType = sourcecode.swift; path = DictionaryEncoder.swift; sourceTree = "<group>"; };
		A1E8C6D527565FF900428293 /* FirebaseFirestoreWrapper.swift */ = {isa = PBXFileReference; lastKnownFileType = sourcecode.swift; path = FirebaseFirestoreWrapper.swift; sourceTree = "<group>"; };
		A1ECB3F22730C43600DB280F /* .swiftlint.yml */ = {isa = PBXFileReference; lastKnownFileType = text.yaml; path = .swiftlint.yml; sourceTree = "<group>"; };
		A1F563F22745A9AB00883FFD /* MessagesDataSource.swift */ = {isa = PBXFileReference; lastKnownFileType = sourcecode.swift; path = MessagesDataSource.swift; sourceTree = "<group>"; };
		A1F563F52745A9F000883FFD /* MessageCellDelegate.swift */ = {isa = PBXFileReference; lastKnownFileType = sourcecode.swift; path = MessageCellDelegate.swift; sourceTree = "<group>"; };
		A1F563F82745AA0600883FFD /* MessagesDisplayDelegate.swift */ = {isa = PBXFileReference; lastKnownFileType = sourcecode.swift; path = MessagesDisplayDelegate.swift; sourceTree = "<group>"; };
		A1F563FB2745AA1300883FFD /* MessagesLayoutDelegate.swift */ = {isa = PBXFileReference; lastKnownFileType = sourcecode.swift; path = MessagesLayoutDelegate.swift; sourceTree = "<group>"; };
		A1F563FE2745AA2300883FFD /* InputBarAccessoryViewDelegate.swift */ = {isa = PBXFileReference; lastKnownFileType = sourcecode.swift; path = InputBarAccessoryViewDelegate.swift; sourceTree = "<group>"; };
		A1F564012745AADE00883FFD /* ChatViewModel.swift */ = {isa = PBXFileReference; lastKnownFileType = sourcecode.swift; path = ChatViewModel.swift; sourceTree = "<group>"; };
		C1469BECFDB41972A11561FC /* Pods_MessangerApp.framework */ = {isa = PBXFileReference; explicitFileType = wrapper.framework; includeInIndex = 0; path = Pods_MessangerApp.framework; sourceTree = BUILT_PRODUCTS_DIR; };
		CCEE0669FB878F86ACBCF40E /* Pods-MessangerApp.release.xcconfig */ = {isa = PBXFileReference; includeInIndex = 1; lastKnownFileType = text.xcconfig; name = "Pods-MessangerApp.release.xcconfig"; path = "Target Support Files/Pods-MessangerApp/Pods-MessangerApp.release.xcconfig"; sourceTree = "<group>"; };
		D6B7B19C9E54137ADB3040D3 /* Pods-MessangerApp.debug.xcconfig */ = {isa = PBXFileReference; includeInIndex = 1; lastKnownFileType = text.xcconfig; name = "Pods-MessangerApp.debug.xcconfig"; path = "Target Support Files/Pods-MessangerApp/Pods-MessangerApp.debug.xcconfig"; sourceTree = "<group>"; };
/* End PBXFileReference section */

/* Begin PBXFrameworksBuildPhase section */
		A11F53D127295A810031CEB4 /* Frameworks */ = {
			isa = PBXFrameworksBuildPhase;
			buildActionMask = 2147483647;
			files = (
				6D74986F6DE8542A016CC385 /* Pods_MessangerApp.framework in Frameworks */,
			);
			runOnlyForDeploymentPostprocessing = 0;
		};
/* End PBXFrameworksBuildPhase section */

/* Begin PBXGroup section */
		A105DDBC272D7C420067A5ED /* UI */ = {
			isa = PBXGroup;
			children = (
				A171F629273ADFB700BC066B /* TextFields */,
				A171F628273ADFA700BC066B /* Views */,
				A105DDBD272D7C5C0067A5ED /* UIButtons.swift */,
			);
			path = UI;
			sourceTree = "<group>";
		};
		A11025E82737487400C9C498 /* MainTabBar */ = {
			isa = PBXGroup;
			children = (
				A11025EC27374EDC00C9C498 /* MainTabBarCoordinator.swift */,
			);
			path = MainTabBar;
			sourceTree = "<group>";
		};
		A11EF006273948630075C082 /* Tabs */ = {
			isa = PBXGroup;
			children = (
				A161D6AA2738803F00240FD8 /* Chats */,
				A11EF007273948750075C082 /* Users */,
				A11EF0092739489D0075C082 /* Settings */,
			);
			path = Tabs;
			sourceTree = "<group>";
		};
		A11EF007273948750075C082 /* Users */ = {
			isa = PBXGroup;
			children = (
				A1533A3A274462170070CD64 /* Cell */,
				A197B1ED273E7EAB00AB6FD7 /* UsersAssembly.swift */,
				A197B1EA273E7E8600AB6FD7 /* UsersCoordinator.swift */,
				A197B1E4273E7DD200AB6FD7 /* UsersViewController.swift */,
				A197B1E7273E7E2400AB6FD7 /* UsersViewModel.swift */,
			);
			path = Users;
			sourceTree = "<group>";
		};
		A11EF0092739489D0075C082 /* Settings */ = {
			isa = PBXGroup;
			children = (
				A191F0EE273C4AE900AABBFE /* Cell */,
				A191F0EB273C1DF300AABBFE /* SettingsAssembly.swift */,
				A191F0E5273C1D8900AABBFE /* SettingsCoordinator.swift */,
				A191F0F3273C670A00AABBFE /* SettingsView.swift */,
				A191F0E2273C1D5500AABBFE /* SettingsViewController.swift */,
				A191F0E8273C1DD000AABBFE /* SettingsViewModel.swift */,
				A1742630273D40BF00679ECE /* Storyboard.storyboard */,
			);
			path = Settings;
			sourceTree = "<group>";
		};
		A11F53CB27295A800031CEB4 = {
			isa = PBXGroup;
			children = (
				A15F72E42730A5C50065AB0C /* Build-Phases */,
				A11F53D627295A810031CEB4 /* MessangerApp */,
				A11F53D527295A810031CEB4 /* Products */,
				D1E0846B30D8DA63F576C4DB /* Pods */,
				A1ECB3F22730C43600DB280F /* .swiftlint.yml */,
				A1CD68492730AFDA00F33E04 /* swiftgen.yml */,
				C2ED2B8D4FFF10A888C6006B /* Frameworks */,
			);
			sourceTree = "<group>";
		};
		A11F53D527295A810031CEB4 /* Products */ = {
			isa = PBXGroup;
			children = (
				A11F53D427295A810031CEB4 /* MessangerApp.app */,
			);
			name = Products;
			sourceTree = "<group>";
		};
		A11F53D627295A810031CEB4 /* MessangerApp */ = {
			isa = PBXGroup;
			children = (
				A1C1EB52272B27160060ECF3 /* Config */,
				A1C1EB46272B20F70060ECF3 /* Domain */,
				A1C1EB45272B1F790060ECF3 /* Lib */,
				A1CD68572730B2B900F33E04 /* Resources */,
				A1927552272A270B00A18EE0 /* AppCoordinator.swift */,
				A11F53D727295A810031CEB4 /* AppDelegate.swift */,
				A11F53E527295A810031CEB4 /* Info.plist */,
				A11F53FD272964070031CEB4 /* GoogleService-Info.plist */,
				A1CD68C42730B4E400F33E04 /* Assets.xcassets */,
			);
			path = MessangerApp;
			sourceTree = "<group>";
		};
		A1210735274D88710052E330 /* Cache */ = {
			isa = PBXGroup;
			children = (
				A1210736274D88800052E330 /* Cache.swift */,
			);
			path = Cache;
			sourceTree = "<group>";
		};
		A1210739274DADEA0052E330 /* Fonts */ = {
			isa = PBXGroup;
			children = (
				A121073A274DAE010052E330 /* SF Pro Text */,
			);
			path = Fonts;
			sourceTree = "<group>";
		};
		A121073A274DAE010052E330 /* SF Pro Text */ = {
			isa = PBXGroup;
			children = (
				A1210744274DCF070052E330 /* SF-Pro-Text-Medium.otf */,
				A121073E274DAE600052E330 /* SF-Pro-Text-Regular.otf */,
				A121073B274DAE1F0052E330 /* SF-Pro-Text-Semibold.otf */,
			);
			path = "SF Pro Text";
			sourceTree = "<group>";
		};
		A15120D4274C090A00502271 /* Gallery */ = {
			isa = PBXGroup;
			children = (
				A15120D5274C092E00502271 /* Video+Extension.swift */,
			);
			path = Gallery;
			sourceTree = "<group>";
		};
		A15120D8274C121400502271 /* MediaItems */ = {
			isa = PBXGroup;
			children = (
				A1BC5BDF2746B845006D647C /* ImageMediaItem.swift */,
				A15120D9274C122700502271 /* VideoMediaItem.swift */,
			);
			path = MediaItems;
			sourceTree = "<group>";
		};
		A1533A342743DB2A0070CD64 /* Firebase */ = {
			isa = PBXGroup;
			children = (
				A1E8C6D527565FF900428293 /* FirebaseFirestoreWrapper.swift */,
				A10181C32741C9860039A63C /* FileStorage.swift */,
				A19F841D2756B2E80084E15C /* Query+Extension.swift */,
			);
			path = Firebase;
			sourceTree = "<group>";
		};
		A1533A3A274462170070CD64 /* Cell */ = {
			isa = PBXGroup;
			children = (
				A1533A3B274462390070CD64 /* UserTableViewCell.swift */,
			);
			path = Cell;
			sourceTree = "<group>";
		};
		A1533A3E274471790070CD64 /* DateTime */ = {
			isa = PBXGroup;
			children = (
				A1533A3F2744719A0070CD64 /* Date + Extension.swift */,
			);
			path = DateTime;
			sourceTree = "<group>";
		};
		A15F72E42730A5C50065AB0C /* Build-Phases */ = {
			isa = PBXGroup;
			children = (
				A15F72E52730A5C50065AB0C /* lint.sh */,
				A15F72E62730A5C50065AB0C /* generate-strings.sh */,
			);
			path = "Build-Phases";
			sourceTree = "<group>";
		};
		A161D6A427386D5D00240FD8 /* Model */ = {
			isa = PBXGroup;
			children = (
				A1E541652751B14E002F3B46 /* DataMappers */,
				A15120D8274C121400502271 /* MediaItems */,
				A1742653273DC26900679ECE /* User.swift */,
				A197B206273E978000AB6FD7 /* Chat.swift */,
				A10181BD2741C5820039A63C /* Message.swift */,
				A1B8E2CD274951C10050F86D /* MessageKind+Extension.swift */,
				A1E54161275196BB002F3B46 /* DataMapper.swift */,
			);
			path = Model;
			sourceTree = "<group>";
		};
		A161D6AA2738803F00240FD8 /* Chats */ = {
			isa = PBXGroup;
			children = (
				A197B209273E97E000AB6FD7 /* Cell */,
				A171F640273B3F1A00BC066B /* ChatsAssembly.swift */,
				A171F63A273B3E3000BC066B /* ChatsCoordinator.swift */,
				A161D6AB2738805600240FD8 /* ChatsViewController.swift */,
				A171F63D273B3E6300BC066B /* ChatsViewModel.swift */,
			);
			path = Chats;
			sourceTree = "<group>";
		};
		A171F628273ADFA700BC066B /* Views */ = {
			isa = PBXGroup;
			children = (
				A171F621273ADC6200BC066B /* InputContainerWithValidation.swift */,
			);
			path = Views;
			sourceTree = "<group>";
		};
		A171F629273ADFB700BC066B /* TextFields */ = {
			isa = PBXGroup;
			children = (
				A171F624273ADEB800BC066B /* BaseTextField.swift */,
			);
			path = TextFields;
			sourceTree = "<group>";
		};
		A171F62D273AE0E700BC066B /* CompleteProfile */ = {
			isa = PBXGroup;
			children = (
				A171F630273AF8E900BC066B /* CompleteProfileViewController.swift */,
				A171F633273AF8F700BC066B /* CompleteProfileView.swift */,
				A171F636273AF99400BC066B /* CompleteProfileViewModel.swift */,
			);
			path = CompleteProfile;
			sourceTree = "<group>";
		};
		A18110F12737EA410013221A /* Flow */ = {
			isa = PBXGroup;
			children = (
				A192750E272A003B00A18EE0 /* Authorization */,
				A197B1F0273E805200AB6FD7 /* Profile */,
				A171F62D273AE0E700BC066B /* CompleteProfile */,
				A11EF006273948630075C082 /* Tabs */,
				A18110F32737EA750013221A /* Chat */,
				A1927510272A044B00A18EE0 /* LaunchScreen */,
				A11025E82737487400C9C498 /* MainTabBar */,
			);
			path = Flow;
			sourceTree = "<group>";
		};
		A18110F32737EA750013221A /* Chat */ = {
			isa = PBXGroup;
			children = (
				A1F563F12745A96100883FFD /* ChatViewExtensions */,
				A18110FA2737EACA0013221A /* ChatAssembly.swift */,
				A18110F72737EAA50013221A /* ChatCoordinator.swift */,
				A18110F42737EA980013221A /* ChatViewController.swift */,
				A1F564012745AADE00883FFD /* ChatViewModel.swift */,
			);
			path = Chat;
			sourceTree = "<group>";
		};
		A191BDC1273330A000C76185 /* Validator */ = {
			isa = PBXGroup;
			children = (
				A191BDC6273337F000C76185 /* Validatable.swift */,
				A191BDDA27333BA600C76185 /* ValidationDelegate.swift */,
				A191BDD727333B1200C76185 /* ValidationError.swift */,
				A191BDDD27333BEF00C76185 /* Validator.swift */,
				A191BDE027333DE500C76185 /* ValidatorDictionary.swift */,
				A191BDCA27333A5400C76185 /* Rules */,
			);
			path = Validator;
			sourceTree = "<group>";
		};
		A191BDCA27333A5400C76185 /* Rules */ = {
			isa = PBXGroup;
			children = (
				A191BDD427333AC400C76185 /* ConfirmationRule.swift */,
				A191BDEB2733419000C76185 /* EmailRule.swift */,
				A191BDD127333AA400C76185 /* MinLengthRule.swift */,
				A191BDE8273340B600C76185 /* RegexRule.swift */,
				A191BDCE27333A8B00C76185 /* RequiredRule.swift */,
				A191BDCB27333A6700C76185 /* Rule.swift */,
				A191BDE527333F3A00C76185 /* ValidationRule.swift */,
			);
			path = Rules;
			sourceTree = "<group>";
		};
		A191F0EE273C4AE900AABBFE /* Cell */ = {
			isa = PBXGroup;
			children = (
				A191F0EF273C4AF800AABBFE /* SettingsProfileItemTableViewCell.swift */,
			);
			path = Cell;
			sourceTree = "<group>";
		};
		A192750E272A003B00A18EE0 /* Authorization */ = {
			isa = PBXGroup;
			children = (
				A1927538272A23E200A18EE0 /* Registration */,
				A1927537272A23CD00A18EE0 /* Login */,
			);
			path = Authorization;
			sourceTree = "<group>";
		};
		A1927510272A044B00A18EE0 /* LaunchScreen */ = {
			isa = PBXGroup;
			children = (
				A11F53E227295A810031CEB4 /* LaunchScreen.storyboard */,
			);
			path = LaunchScreen;
			sourceTree = "<group>";
		};
		A1927537272A23CD00A18EE0 /* Login */ = {
			isa = PBXGroup;
			children = (
				A1C1EB8C272C22140060ECF3 /* LoginAssembly.swift */,
				A1927561272A2A0900A18EE0 /* LoginCoordinator.swift */,
				A105DDCC272D97490067A5ED /* LoginView.swift */,
				A11F53DB27295A810031CEB4 /* LoginViewController.swift */,
				A1927582272ABB6700A18EE0 /* LoginViewModel.swift */,
			);
			path = Login;
			sourceTree = "<group>";
		};
		A1927538272A23E200A18EE0 /* Registration */ = {
			isa = PBXGroup;
			children = (
				A105DDD0272DC5AE0067A5ED /* RegistrationView.swift */,
				A105DDD3272DC5D50067A5ED /* RegistrationViewController.swift */,
				A105DDD6272DC62E0067A5ED /* RegistrationCoordinator.swift */,
				A105DDD9272DC73E0067A5ED /* RegistrationViewModel.swift */,
				A105DDDC272DC76B0067A5ED /* RegistrationAssembly.swift */,
			);
			path = Registration;
			sourceTree = "<group>";
		};
		A197B1F0273E805200AB6FD7 /* Profile */ = {
			isa = PBXGroup;
			children = (
				A197B1FA273E84F700AB6FD7 /* ProfileAssembly.swift */,
				A197B1FE273E853600AB6FD7 /* ProfileCoordinator.swift */,
				2DC18BA76A7CC30BC8632AC8 /* ProfileView.swift */,
				2DC18DCB834CAAF9911FF972 /* ProfileViewController.swift */,
				2DC18B0737095CCA4DC85190 /* ProfileViewModel.swift */,
			);
			path = Profile;
			sourceTree = "<group>";
		};
		A197B209273E97E000AB6FD7 /* Cell */ = {
			isa = PBXGroup;
			children = (
				A197B20A273E980100AB6FD7 /* ChatTableViewCell.swift */,
			);
			path = Cell;
			sourceTree = "<group>";
		};
		A1C1EB33272B0B620060ECF3 /* Router */ = {
			isa = PBXGroup;
			children = (
				A1927544272A259000A18EE0 /* Router.swift */,
				A192757B272AB30000A18EE0 /* RouterFactory.swift */,
				A1C1EB35272B0BAB0060ECF3 /* ModalNavigationRouter.swift */,
				A1C1EB38272B0C8A0060ECF3 /* NavigationRouter.swift */,
				A1C1EB3B272B0CA90060ECF3 /* WindowRootRouter.swift */,
			);
			path = Router;
			sourceTree = "<group>";
		};
		A1C1EB3E272B0D1D0060ECF3 /* Coordinator */ = {
			isa = PBXGroup;
			children = (
				A1C1EB3F272B0D2C0060ECF3 /* Coordinator.swift */,
			);
			path = Coordinator;
			sourceTree = "<group>";
		};
		A1C1EB45272B1F790060ECF3 /* Lib */ = {
			isa = PBXGroup;
			children = (
				A1E5416D275240A1002F3B46 /* Codable */,
				A1210735274D88710052E330 /* Cache */,
				A15120D4274C090A00502271 /* Gallery */,
				A1533A3E274471790070CD64 /* DateTime */,
				A1533A342743DB2A0070CD64 /* Firebase */,
				A1C1EB3E272B0D1D0060ECF3 /* Coordinator */,
				A1DA94BD27320CE600C37852 /* Services */,
				A1C1EB83272B6A910060ECF3 /* UI */,
				A1C1EB5E272B36BC0060ECF3 /* Logger */,
				A1C1EB33272B0B620060ECF3 /* Router */,
				A191BDC1273330A000C76185 /* Validator */,
			);
			path = Lib;
			sourceTree = "<group>";
		};
		A1C1EB46272B20F70060ECF3 /* Domain */ = {
			isa = PBXGroup;
			children = (
				A18110F12737EA410013221A /* Flow */,
				A161D6A427386D5D00240FD8 /* Model */,
				A1CD1FFD2758EEAB0092EB04 /* Services */,
				A105DDBC272D7C420067A5ED /* UI */,
			);
			path = Domain;
			sourceTree = "<group>";
		};
		A1C1EB52272B27160060ECF3 /* Config */ = {
			isa = PBXGroup;
			children = (
				A1C1EB8B272C21F80060ECF3 /* Assembly */,
				A1C1EB87272B6AD40060ECF3 /* Appearance.swift */,
				A1C1EB66272B44D60060ECF3 /* Assembler+Extension.swift */,
				A1C1EB94272C23990060ECF3 /* Constants.swift */,
				A1D32BAE27301D1200042CEA /* Style.swift */,
			);
			path = Config;
			sourceTree = "<group>";
		};
		A1C1EB5E272B36BC0060ECF3 /* Logger */ = {
			isa = PBXGroup;
			children = (
				A1C1EB5F272B36D20060ECF3 /* LoggerService.swift */,
				A11025E0273702D000C9C498 /* SwiftyBeaverLoggerService.swift */,
			);
			path = Logger;
			sourceTree = "<group>";
		};
		A1C1EB83272B6A910060ECF3 /* UI */ = {
			isa = PBXGroup;
			children = (
				A1CD202327590BA20092EB04 /* ViewController.swift */,
				A105DDC9272D96D30067A5ED /* ViewLoadable.swift */,
				A1C1EB84272B6A9E0060ECF3 /* UIView+Add.swift */,
				A1C1EB9B272C2A660060ECF3 /* UIColor+Extension.swift */,
				A14721A2272EF0A300C5B6FE /* UIKit+Preview.swift */,
				A171F62A273ADFF700BC066B /* UITextField+Extension.swift */,
				A1DEF3DC274B001C003BFB88 /* UIAlertController+Extension.swift */,
			);
			path = UI;
			sourceTree = "<group>";
		};
		A1C1EB8B272C21F80060ECF3 /* Assembly */ = {
			isa = PBXGroup;
			children = (
				A1C1EB90272C225F0060ECF3 /* ServicesAssembly.swift */,
			);
			path = Assembly;
			sourceTree = "<group>";
		};
		A1CD1FFD2758EEAB0092EB04 /* Services */ = {
			isa = PBXGroup;
			children = (
				A1CD20002759007D0092EB04 /* Chat */,
				A1CD1FFF2758EF7F0092EB04 /* User */,
			);
			path = Services;
			sourceTree = "<group>";
		};
		A1CD1FFF2758EF7F0092EB04 /* User */ = {
			isa = PBXGroup;
			children = (
				A1DA94BE27320CFE00C37852 /* AuthService.swift */,
				A1742634273DBB1800679ECE /* UserStorage.swift */,
				A1210732274D81EF0052E330 /* UserProfile.swift */,
				A1386C4327540A9400E8065F /* UserSession.swift */,
			);
			path = User;
			sourceTree = "<group>";
		};
		A1CD20002759007D0092EB04 /* Chat */ = {
			isa = PBXGroup;
			children = (
				A139FA932742A6060081A473 /* ChatStorage.swift */,
				A192172F2747CC2E0063F7C1 /* MessageStorage.swift */,
				A1B8E3182749BA300050F86D /* TypingService.swift */,
				A1DEF420274B17D7003BFB88 /* SendMessageHandler.swift */,
				A15120D1274BE12700502271 /* UploadVideoHandler.swift */,
			);
			path = Chat;
			sourceTree = "<group>";
		};
		A1CD68572730B2B900F33E04 /* Resources */ = {
			isa = PBXGroup;
			children = (
				A1210739274DADEA0052E330 /* Fonts */,
				A13293BF2730B64A003AAF9F /* Assets.swift */,
				A1210741274DAF450052E330 /* Fonts.swift */,
				A1CD68592730B2B900F33E04 /* Localizable.strings */,
				A1CD68582730B2B900F33E04 /* Strings.swift */,
			);
			path = Resources;
			sourceTree = "<group>";
		};
		A1DA94BD27320CE600C37852 /* Services */ = {
			isa = PBXGroup;
			children = (
				A11D541D27525C9B00B7B977 /* Helpers.swift */,
			);
			path = Services;
			sourceTree = "<group>";
		};
		A1E541652751B14E002F3B46 /* DataMappers */ = {
			isa = PBXGroup;
			children = (
				A1E5416A2751C201002F3B46 /* ChatDataMapper.swift */,
				A11D541A275259CA00B7B977 /* MessageDataMapper.swift */,
			);
			path = DataMappers;
			sourceTree = "<group>";
		};
		A1E5416D275240A1002F3B46 /* Codable */ = {
			isa = PBXGroup;
			children = (
				A1E5416E275240C2002F3B46 /* DictionaryEncoder.swift */,
			);
			path = Codable;
			sourceTree = "<group>";
		};
		A1F563F12745A96100883FFD /* ChatViewExtensions */ = {
			isa = PBXGroup;
			children = (
				A1F563FE2745AA2300883FFD /* InputBarAccessoryViewDelegate.swift */,
				A1F563F52745A9F000883FFD /* MessageCellDelegate.swift */,
				A1F563F22745A9AB00883FFD /* MessagesDataSource.swift */,
				A1F563F82745AA0600883FFD /* MessagesDisplayDelegate.swift */,
				A1F563FB2745AA1300883FFD /* MessagesLayoutDelegate.swift */,
			);
			path = ChatViewExtensions;
			sourceTree = "<group>";
		};
		C2ED2B8D4FFF10A888C6006B /* Frameworks */ = {
			isa = PBXGroup;
			children = (
				C1469BECFDB41972A11561FC /* Pods_MessangerApp.framework */,
			);
			name = Frameworks;
			sourceTree = "<group>";
		};
		D1E0846B30D8DA63F576C4DB /* Pods */ = {
			isa = PBXGroup;
			children = (
				D6B7B19C9E54137ADB3040D3 /* Pods-MessangerApp.debug.xcconfig */,
				CCEE0669FB878F86ACBCF40E /* Pods-MessangerApp.release.xcconfig */,
			);
			path = Pods;
			sourceTree = "<group>";
		};
/* End PBXGroup section */

/* Begin PBXNativeTarget section */
		A11F53D327295A810031CEB4 /* MessangerApp */ = {
			isa = PBXNativeTarget;
			buildConfigurationList = A11F53E827295A810031CEB4 /* Build configuration list for PBXNativeTarget "MessangerApp" */;
			buildPhases = (
				5544F2D367C33CB58F694ADC /* [CP] Check Pods Manifest.lock */,
				A15F72F22730A7110065AB0C /* Generate strings */,
				A1CCE1B32730C27F00569C31 /* SwiftLint */,
				A11F53D027295A810031CEB4 /* Sources */,
				A11F53D127295A810031CEB4 /* Frameworks */,
				A11F53D227295A810031CEB4 /* Resources */,
				766946DDF2E35D9422C9AD58 /* [CP] Embed Pods Frameworks */,
			);
			buildRules = (
			);
			dependencies = (
			);
			name = MessangerApp;
			productName = MessangerApp;
			productReference = A11F53D427295A810031CEB4 /* MessangerApp.app */;
			productType = "com.apple.product-type.application";
		};
/* End PBXNativeTarget section */

/* Begin PBXProject section */
		A11F53CC27295A800031CEB4 /* Project object */ = {
			isa = PBXProject;
			attributes = {
				LastSwiftUpdateCheck = 1240;
				LastUpgradeCheck = 1240;
				TargetAttributes = {
					A11F53D327295A810031CEB4 = {
						CreatedOnToolsVersion = 12.4;
					};
				};
			};
			buildConfigurationList = A11F53CF27295A800031CEB4 /* Build configuration list for PBXProject "MessangerApp" */;
			compatibilityVersion = "Xcode 9.3";
			developmentRegion = en;
			hasScannedForEncodings = 0;
			knownRegions = (
				en,
				Base,
				ru,
			);
			mainGroup = A11F53CB27295A800031CEB4;
			productRefGroup = A11F53D527295A810031CEB4 /* Products */;
			projectDirPath = "";
			projectRoot = "";
			targets = (
				A11F53D327295A810031CEB4 /* MessangerApp */,
			);
		};
/* End PBXProject section */

/* Begin PBXResourcesBuildPhase section */
		A11F53D227295A810031CEB4 /* Resources */ = {
			isa = PBXResourcesBuildPhase;
			buildActionMask = 2147483647;
			files = (
				A121073F274DAE600052E330 /* SF-Pro-Text-Regular.otf in Resources */,
				A1ECB3F32730C43600DB280F /* .swiftlint.yml in Resources */,
				A11F53E427295A810031CEB4 /* LaunchScreen.storyboard in Resources */,
				A121073C274DAE250052E330 /* SF-Pro-Text-Semibold.otf in Resources */,
				A1742631273D40BF00679ECE /* Storyboard.storyboard in Resources */,
				A11F53FE272964070031CEB4 /* GoogleService-Info.plist in Resources */,
				A1CD68C52730B4E400F33E04 /* Assets.xcassets in Resources */,
				A15F72E82730A5C50065AB0C /* lint.sh in Resources */,
				A1210746274DD01F0052E330 /* SF-Pro-Text-Medium.otf in Resources */,
				A1CD685C2730B2B900F33E04 /* Localizable.strings in Resources */,
				A15F72E92730A5C50065AB0C /* generate-strings.sh in Resources */,
				A1CD684A2730AFDA00F33E04 /* swiftgen.yml in Resources */,
			);
			runOnlyForDeploymentPostprocessing = 0;
		};
/* End PBXResourcesBuildPhase section */

/* Begin PBXShellScriptBuildPhase section */
		5544F2D367C33CB58F694ADC /* [CP] Check Pods Manifest.lock */ = {
			isa = PBXShellScriptBuildPhase;
			buildActionMask = 2147483647;
			files = (
			);
			inputFileListPaths = (
			);
			inputPaths = (
				"${PODS_PODFILE_DIR_PATH}/Podfile.lock",
				"${PODS_ROOT}/Manifest.lock",
			);
			name = "[CP] Check Pods Manifest.lock";
			outputFileListPaths = (
			);
			outputPaths = (
				"$(DERIVED_FILE_DIR)/Pods-MessangerApp-checkManifestLockResult.txt",
			);
			runOnlyForDeploymentPostprocessing = 0;
			shellPath = /bin/sh;
			shellScript = "diff \"${PODS_PODFILE_DIR_PATH}/Podfile.lock\" \"${PODS_ROOT}/Manifest.lock\" > /dev/null\nif [ $? != 0 ] ; then\n    # print error to STDERR\n    echo \"error: The sandbox is not in sync with the Podfile.lock. Run 'pod install' or update your CocoaPods installation.\" >&2\n    exit 1\nfi\n# This output is used by Xcode 'outputs' to avoid re-running this script phase.\necho \"SUCCESS\" > \"${SCRIPT_OUTPUT_FILE_0}\"\n";
			showEnvVarsInLog = 0;
		};
		766946DDF2E35D9422C9AD58 /* [CP] Embed Pods Frameworks */ = {
			isa = PBXShellScriptBuildPhase;
			buildActionMask = 2147483647;
			files = (
			);
			inputFileListPaths = (
				"${PODS_ROOT}/Target Support Files/Pods-MessangerApp/Pods-MessangerApp-frameworks-${CONFIGURATION}-input-files.xcfilelist",
			);
			name = "[CP] Embed Pods Frameworks";
			outputFileListPaths = (
				"${PODS_ROOT}/Target Support Files/Pods-MessangerApp/Pods-MessangerApp-frameworks-${CONFIGURATION}-output-files.xcfilelist",
			);
			runOnlyForDeploymentPostprocessing = 0;
			shellPath = /bin/sh;
			shellScript = "\"${PODS_ROOT}/Target Support Files/Pods-MessangerApp/Pods-MessangerApp-frameworks.sh\"\n";
			showEnvVarsInLog = 0;
		};
		A15F72F22730A7110065AB0C /* Generate strings */ = {
			isa = PBXShellScriptBuildPhase;
			buildActionMask = 2147483647;
			files = (
			);
			inputFileListPaths = (
			);
			inputPaths = (
			);
			name = "Generate strings";
			outputFileListPaths = (
			);
			outputPaths = (
			);
			runOnlyForDeploymentPostprocessing = 0;
			shellPath = /bin/sh;
			shellScript = "$SRCROOT/Build-Phases/generate-strings.sh\n";
		};
		A1CCE1B32730C27F00569C31 /* SwiftLint */ = {
			isa = PBXShellScriptBuildPhase;
			buildActionMask = 2147483647;
			files = (
			);
			inputFileListPaths = (
			);
			inputPaths = (
			);
			name = SwiftLint;
			outputFileListPaths = (
			);
			outputPaths = (
			);
			runOnlyForDeploymentPostprocessing = 0;
			shellPath = /bin/sh;
			shellScript = "$SRCROOT/Build-Phases/lint.sh\n";
		};
/* End PBXShellScriptBuildPhase section */

/* Begin PBXSourcesBuildPhase section */
		A11F53D027295A810031CEB4 /* Sources */ = {
			isa = PBXSourcesBuildPhase;
			buildActionMask = 2147483647;
			files = (
				A1F563FC2745AA1300883FFD /* MessagesLayoutDelegate.swift in Sources */,
				A1F563F62745A9F000883FFD /* MessageCellDelegate.swift in Sources */,
				A171F62B273ADFF700BC066B /* UITextField+Extension.swift in Sources */,
				A1C1EB40272B0D2C0060ECF3 /* Coordinator.swift in Sources */,
				A191F0EC273C1DF300AABBFE /* SettingsAssembly.swift in Sources */,
				A18110FB2737EACA0013221A /* ChatAssembly.swift in Sources */,
				A105DDDA272DC73E0067A5ED /* RegistrationViewModel.swift in Sources */,
				A1C1EB91272C225F0060ECF3 /* ServicesAssembly.swift in Sources */,
				A1C1EB88272B6AD40060ECF3 /* Appearance.swift in Sources */,
				A105DDD1272DC5AE0067A5ED /* RegistrationView.swift in Sources */,
				A171F625273ADEB800BC066B /* BaseTextField.swift in Sources */,
				A1B8E2CE274951C10050F86D /* MessageKind+Extension.swift in Sources */,
				A1C1EB9C272C2A660060ECF3 /* UIColor+Extension.swift in Sources */,
				A191BDE127333DE600C76185 /* ValidatorDictionary.swift in Sources */,
				A1BC5BE02746B845006D647C /* ImageMediaItem.swift in Sources */,
				A15120DA274C122700502271 /* VideoMediaItem.swift in Sources */,
				A1C1EB39272B0C8A0060ECF3 /* NavigationRouter.swift in Sources */,
				A171F634273AF8F700BC066B /* CompleteProfileView.swift in Sources */,
				A1386C4427540A9400E8065F /* UserSession.swift in Sources */,
				A197B207273E978000AB6FD7 /* Chat.swift in Sources */,
				A197B1FB273E84F700AB6FD7 /* ProfileAssembly.swift in Sources */,
				A171F63B273B3E3000BC066B /* ChatsCoordinator.swift in Sources */,
				A171F631273AF8E900BC066B /* CompleteProfileViewController.swift in Sources */,
				A14721A3272EF0A300C5B6FE /* UIKit+Preview.swift in Sources */,
				A13293C02730B64A003AAF9F /* Assets.swift in Sources */,
				A1742635273DBB1800679ECE /* UserStorage.swift in Sources */,
				A191BDCF27333A8B00C76185 /* RequiredRule.swift in Sources */,
				A191F0F0273C4AF800AABBFE /* SettingsProfileItemTableViewCell.swift in Sources */,
				A1C1EB3C272B0CA90060ECF3 /* WindowRootRouter.swift in Sources */,
				A197B1FF273E853600AB6FD7 /* ProfileCoordinator.swift in Sources */,
				A105DDCA272D96D30067A5ED /* ViewLoadable.swift in Sources */,
				A191F0F4273C670A00AABBFE /* SettingsView.swift in Sources */,
				A1CD685B2730B2B900F33E04 /* Strings.swift in Sources */,
				A1742654273DC26900679ECE /* User.swift in Sources */,
				A161D6AC2738805600240FD8 /* ChatsViewController.swift in Sources */,
				A11D541B275259CA00B7B977 /* MessageDataMapper.swift in Sources */,
				A1B8E3192749BA300050F86D /* TypingService.swift in Sources */,
				A1C1EB36272B0BAB0060ECF3 /* ModalNavigationRouter.swift in Sources */,
				A11F53DC27295A810031CEB4 /* LoginViewController.swift in Sources */,
				A191F0E6273C1D8900AABBFE /* SettingsCoordinator.swift in Sources */,
				A1F563F92745AA0600883FFD /* MessagesDisplayDelegate.swift in Sources */,
				A197B1E8273E7E2400AB6FD7 /* UsersViewModel.swift in Sources */,
				A192757C272AB30000A18EE0 /* RouterFactory.swift in Sources */,
				A191BDDB27333BA600C76185 /* ValidationDelegate.swift in Sources */,
				A1927562272A2A0900A18EE0 /* LoginCoordinator.swift in Sources */,
				A18110F82737EAA50013221A /* ChatCoordinator.swift in Sources */,
				A18110F52737EA980013221A /* ChatViewController.swift in Sources */,
				A1DEF421274B17D7003BFB88 /* SendMessageHandler.swift in Sources */,
				A191F0E3273C1D5500AABBFE /* SettingsViewController.swift in Sources */,
				A1C1EB85272B6A9E0060ECF3 /* UIView+Add.swift in Sources */,
				A1E5416F275240C2002F3B46 /* DictionaryEncoder.swift in Sources */,
				A171F63E273B3E6300BC066B /* ChatsViewModel.swift in Sources */,
				A139FA942742A6060081A473 /* ChatStorage.swift in Sources */,
				A1210733274D81EF0052E330 /* UserProfile.swift in Sources */,
				A191BDCC27333A6700C76185 /* Rule.swift in Sources */,
				A105DDDD272DC76B0067A5ED /* RegistrationAssembly.swift in Sources */,
				A191BDC7273337F000C76185 /* Validatable.swift in Sources */,
				A1C1EB95272C23990060ECF3 /* Constants.swift in Sources */,
				A1210737274D88800052E330 /* Cache.swift in Sources */,
				A1C1EB60272B36D20060ECF3 /* LoggerService.swift in Sources */,
				A1E8C6D627565FF900428293 /* FirebaseFirestoreWrapper.swift in Sources */,
				A191BDDE27333BEF00C76185 /* Validator.swift in Sources */,
				A15120D2274BE12700502271 /* UploadVideoHandler.swift in Sources */,
				A11025E1273702D000C9C498 /* SwiftyBeaverLoggerService.swift in Sources */,
				A1C1EB8D272C22140060ECF3 /* LoginAssembly.swift in Sources */,
				A1533A3C274462390070CD64 /* UserTableViewCell.swift in Sources */,
				A1F563F32745A9AB00883FFD /* MessagesDataSource.swift in Sources */,
				A1F563FF2745AA2300883FFD /* InputBarAccessoryViewDelegate.swift in Sources */,
				A1533A402744719A0070CD64 /* Date + Extension.swift in Sources */,
				A171F622273ADC6200BC066B /* InputContainerWithValidation.swift in Sources */,
				A1CD202427590BA20092EB04 /* ViewController.swift in Sources */,
				A191BDE627333F3A00C76185 /* ValidationRule.swift in Sources */,
				A191BDD227333AA400C76185 /* MinLengthRule.swift in Sources */,
				A191BDD827333B1200C76185 /* ValidationError.swift in Sources */,
				A197B1EB273E7E8600AB6FD7 /* UsersCoordinator.swift in Sources */,
				A191BDEC2733419000C76185 /* EmailRule.swift in Sources */,
				A191BDD527333AC400C76185 /* ConfirmationRule.swift in Sources */,
				A11025ED27374EDC00C9C498 /* MainTabBarCoordinator.swift in Sources */,
				A11D541E27525C9B00B7B977 /* Helpers.swift in Sources */,
				A1927545272A259000A18EE0 /* Router.swift in Sources */,
				A1927583272ABB6700A18EE0 /* LoginViewModel.swift in Sources */,
				A1E5416B2751C201002F3B46 /* ChatDataMapper.swift in Sources */,
				A11F53D827295A810031CEB4 /* AppDelegate.swift in Sources */,
				A1F564022745AADE00883FFD /* ChatViewModel.swift in Sources */,
				A1D32BAF27301D1200042CEA /* Style.swift in Sources */,
				A1210742274DAF450052E330 /* Fonts.swift in Sources */,
				A105DDCD272D97490067A5ED /* LoginView.swift in Sources */,
				A197B20B273E980100AB6FD7 /* ChatTableViewCell.swift in Sources */,
				A1E54162275196BB002F3B46 /* DataMapper.swift in Sources */,
				A1DEF3DD274B001C003BFB88 /* UIAlertController+Extension.swift in Sources */,
				A105DDD7272DC62E0067A5ED /* RegistrationCoordinator.swift in Sources */,
				A1DA94BF27320CFE00C37852 /* AuthService.swift in Sources */,
				A19F841E2756B2E80084E15C /* Query+Extension.swift in Sources */,
				A1C1EB67272B44D60060ECF3 /* Assembler+Extension.swift in Sources */,
				A1927553272A270B00A18EE0 /* AppCoordinator.swift in Sources */,
				A197B1E5273E7DD200AB6FD7 /* UsersViewController.swift in Sources */,
				A197B1EE273E7EAB00AB6FD7 /* UsersAssembly.swift in Sources */,
				A171F637273AF99400BC066B /* CompleteProfileViewModel.swift in Sources */,
				A171F641273B3F1A00BC066B /* ChatsAssembly.swift in Sources */,
				A105DDBE272D7C5C0067A5ED /* UIButtons.swift in Sources */,
				A191BDE9273340B600C76185 /* RegexRule.swift in Sources */,
				A105DDD4272DC5D50067A5ED /* RegistrationViewController.swift in Sources */,
				A191F0E9273C1DD000AABBFE /* SettingsViewModel.swift in Sources */,
				2DC18A31A264F4679C4D9B01 /* ProfileView.swift in Sources */,
				A19217302747CC2E0063F7C1 /* MessageStorage.swift in Sources */,
				A10181BE2741C5820039A63C /* Message.swift in Sources */,
				2DC18B6E03FCDB39214942A1 /* ProfileViewModel.swift in Sources */,
				2DC181D74F42E1F70374265C /* ProfileViewController.swift in Sources */,
				A15120D6274C092E00502271 /* Video+Extension.swift in Sources */,
				A10181C42741C9860039A63C /* FileStorage.swift in Sources */,
			);
			runOnlyForDeploymentPostprocessing = 0;
		};
/* End PBXSourcesBuildPhase section */

/* Begin PBXVariantGroup section */
		A11F53E227295A810031CEB4 /* LaunchScreen.storyboard */ = {
			isa = PBXVariantGroup;
			children = (
				A11F53E327295A810031CEB4 /* Base */,
			);
			name = LaunchScreen.storyboard;
			sourceTree = "<group>";
		};
		A1CD68592730B2B900F33E04 /* Localizable.strings */ = {
			isa = PBXVariantGroup;
			children = (
				A1CD685A2730B2B900F33E04 /* Base */,
				A13293C22730B6C0003AAF9F /* ru */,
			);
			name = Localizable.strings;
			sourceTree = "<group>";
		};
/* End PBXVariantGroup section */

/* Begin XCBuildConfiguration section */
		A11F53E627295A810031CEB4 /* Debug */ = {
			isa = XCBuildConfiguration;
			buildSettings = {
				ALWAYS_SEARCH_USER_PATHS = NO;
				CLANG_ANALYZER_LOCALIZABILITY_NONLOCALIZED = YES;
				CLANG_ANALYZER_NONNULL = YES;
				CLANG_ANALYZER_NUMBER_OBJECT_CONVERSION = YES_AGGRESSIVE;
				CLANG_CXX_LANGUAGE_STANDARD = "gnu++14";
				CLANG_CXX_LIBRARY = "libc++";
				CLANG_ENABLE_MODULES = YES;
				CLANG_ENABLE_OBJC_ARC = YES;
				CLANG_ENABLE_OBJC_WEAK = YES;
				CLANG_WARN_BLOCK_CAPTURE_AUTORELEASING = YES;
				CLANG_WARN_BOOL_CONVERSION = YES;
				CLANG_WARN_COMMA = YES;
				CLANG_WARN_CONSTANT_CONVERSION = YES;
				CLANG_WARN_DEPRECATED_OBJC_IMPLEMENTATIONS = YES;
				CLANG_WARN_DIRECT_OBJC_ISA_USAGE = YES_ERROR;
				CLANG_WARN_DOCUMENTATION_COMMENTS = YES;
				CLANG_WARN_EMPTY_BODY = YES;
				CLANG_WARN_ENUM_CONVERSION = YES;
				CLANG_WARN_INFINITE_RECURSION = YES;
				CLANG_WARN_INT_CONVERSION = YES;
				CLANG_WARN_NON_LITERAL_NULL_CONVERSION = YES;
				CLANG_WARN_OBJC_IMPLICIT_RETAIN_SELF = YES;
				CLANG_WARN_OBJC_LITERAL_CONVERSION = YES;
				CLANG_WARN_OBJC_ROOT_CLASS = YES_ERROR;
				CLANG_WARN_QUOTED_INCLUDE_IN_FRAMEWORK_HEADER = YES;
				CLANG_WARN_RANGE_LOOP_ANALYSIS = YES;
				CLANG_WARN_STRICT_PROTOTYPES = YES;
				CLANG_WARN_SUSPICIOUS_MOVE = YES;
				CLANG_WARN_UNGUARDED_AVAILABILITY = YES_AGGRESSIVE;
				CLANG_WARN_UNREACHABLE_CODE = YES;
				CLANG_WARN__DUPLICATE_METHOD_MATCH = YES;
				COPY_PHASE_STRIP = NO;
				DEBUG_INFORMATION_FORMAT = dwarf;
				ENABLE_STRICT_OBJC_MSGSEND = YES;
				ENABLE_TESTABILITY = YES;
				GCC_C_LANGUAGE_STANDARD = gnu11;
				GCC_DYNAMIC_NO_PIC = NO;
				GCC_NO_COMMON_BLOCKS = YES;
				GCC_OPTIMIZATION_LEVEL = 0;
				GCC_PREPROCESSOR_DEFINITIONS = (
					"DEBUG=1",
					"$(inherited)",
				);
				GCC_WARN_64_TO_32_BIT_CONVERSION = YES;
				GCC_WARN_ABOUT_RETURN_TYPE = YES_ERROR;
				GCC_WARN_UNDECLARED_SELECTOR = YES;
				GCC_WARN_UNINITIALIZED_AUTOS = YES_AGGRESSIVE;
				GCC_WARN_UNUSED_FUNCTION = YES;
				GCC_WARN_UNUSED_VARIABLE = YES;
				IPHONEOS_DEPLOYMENT_TARGET = 12.1;
				MTL_ENABLE_DEBUG_INFO = INCLUDE_SOURCE;
				MTL_FAST_MATH = YES;
				ONLY_ACTIVE_ARCH = YES;
				SDKROOT = iphoneos;
				SWIFT_ACTIVE_COMPILATION_CONDITIONS = DEBUG;
				SWIFT_OPTIMIZATION_LEVEL = "-Onone";
			};
			name = Debug;
		};
		A11F53E727295A810031CEB4 /* Release */ = {
			isa = XCBuildConfiguration;
			buildSettings = {
				ALWAYS_SEARCH_USER_PATHS = NO;
				CLANG_ANALYZER_LOCALIZABILITY_NONLOCALIZED = YES;
				CLANG_ANALYZER_NONNULL = YES;
				CLANG_ANALYZER_NUMBER_OBJECT_CONVERSION = YES_AGGRESSIVE;
				CLANG_CXX_LANGUAGE_STANDARD = "gnu++14";
				CLANG_CXX_LIBRARY = "libc++";
				CLANG_ENABLE_MODULES = YES;
				CLANG_ENABLE_OBJC_ARC = YES;
				CLANG_ENABLE_OBJC_WEAK = YES;
				CLANG_WARN_BLOCK_CAPTURE_AUTORELEASING = YES;
				CLANG_WARN_BOOL_CONVERSION = YES;
				CLANG_WARN_COMMA = YES;
				CLANG_WARN_CONSTANT_CONVERSION = YES;
				CLANG_WARN_DEPRECATED_OBJC_IMPLEMENTATIONS = YES;
				CLANG_WARN_DIRECT_OBJC_ISA_USAGE = YES_ERROR;
				CLANG_WARN_DOCUMENTATION_COMMENTS = YES;
				CLANG_WARN_EMPTY_BODY = YES;
				CLANG_WARN_ENUM_CONVERSION = YES;
				CLANG_WARN_INFINITE_RECURSION = YES;
				CLANG_WARN_INT_CONVERSION = YES;
				CLANG_WARN_NON_LITERAL_NULL_CONVERSION = YES;
				CLANG_WARN_OBJC_IMPLICIT_RETAIN_SELF = YES;
				CLANG_WARN_OBJC_LITERAL_CONVERSION = YES;
				CLANG_WARN_OBJC_ROOT_CLASS = YES_ERROR;
				CLANG_WARN_QUOTED_INCLUDE_IN_FRAMEWORK_HEADER = YES;
				CLANG_WARN_RANGE_LOOP_ANALYSIS = YES;
				CLANG_WARN_STRICT_PROTOTYPES = YES;
				CLANG_WARN_SUSPICIOUS_MOVE = YES;
				CLANG_WARN_UNGUARDED_AVAILABILITY = YES_AGGRESSIVE;
				CLANG_WARN_UNREACHABLE_CODE = YES;
				CLANG_WARN__DUPLICATE_METHOD_MATCH = YES;
				COPY_PHASE_STRIP = NO;
				DEBUG_INFORMATION_FORMAT = "dwarf-with-dsym";
				ENABLE_NS_ASSERTIONS = NO;
				ENABLE_STRICT_OBJC_MSGSEND = YES;
				GCC_C_LANGUAGE_STANDARD = gnu11;
				GCC_NO_COMMON_BLOCKS = YES;
				GCC_WARN_64_TO_32_BIT_CONVERSION = YES;
				GCC_WARN_ABOUT_RETURN_TYPE = YES_ERROR;
				GCC_WARN_UNDECLARED_SELECTOR = YES;
				GCC_WARN_UNINITIALIZED_AUTOS = YES_AGGRESSIVE;
				GCC_WARN_UNUSED_FUNCTION = YES;
				GCC_WARN_UNUSED_VARIABLE = YES;
				IPHONEOS_DEPLOYMENT_TARGET = 12.1;
				MTL_ENABLE_DEBUG_INFO = NO;
				MTL_FAST_MATH = YES;
				SDKROOT = iphoneos;
				SWIFT_COMPILATION_MODE = wholemodule;
				SWIFT_OPTIMIZATION_LEVEL = "-O";
				VALIDATE_PRODUCT = YES;
			};
			name = Release;
		};
		A11F53E927295A810031CEB4 /* Debug */ = {
			isa = XCBuildConfiguration;
			baseConfigurationReference = D6B7B19C9E54137ADB3040D3 /* Pods-MessangerApp.debug.xcconfig */;
			buildSettings = {
				ASSETCATALOG_COMPILER_APPICON_NAME = AppIcon;
				ASSETCATALOG_COMPILER_GLOBAL_ACCENT_COLOR_NAME = AccentColor;
				CODE_SIGN_STYLE = Automatic;
				DEVELOPMENT_TEAM = 8CHVCWFP3P;
				INFOPLIST_FILE = MessangerApp/Info.plist;
				IPHONEOS_DEPLOYMENT_TARGET = 13.0;
				LD_RUNPATH_SEARCH_PATHS = (
					"$(inherited)",
					"@executable_path/Frameworks",
				);
				PRODUCT_BUNDLE_IDENTIFIER = ru.user.home.MessangerApp;
				PRODUCT_NAME = "$(TARGET_NAME)";
				SWIFT_VERSION = 5.0;
				TARGETED_DEVICE_FAMILY = "1,2";
			};
			name = Debug;
		};
		A11F53EA27295A810031CEB4 /* Release */ = {
			isa = XCBuildConfiguration;
			baseConfigurationReference = CCEE0669FB878F86ACBCF40E /* Pods-MessangerApp.release.xcconfig */;
			buildSettings = {
				ASSETCATALOG_COMPILER_APPICON_NAME = AppIcon;
				ASSETCATALOG_COMPILER_GLOBAL_ACCENT_COLOR_NAME = AccentColor;
				CODE_SIGN_STYLE = Automatic;
				DEVELOPMENT_TEAM = 8CHVCWFP3P;
				INFOPLIST_FILE = MessangerApp/Info.plist;
				IPHONEOS_DEPLOYMENT_TARGET = 13.0;
				LD_RUNPATH_SEARCH_PATHS = (
					"$(inherited)",
					"@executable_path/Frameworks",
				);
				PRODUCT_BUNDLE_IDENTIFIER = ru.user.home.MessangerApp;
				PRODUCT_NAME = "$(TARGET_NAME)";
				SWIFT_VERSION = 5.0;
				TARGETED_DEVICE_FAMILY = "1,2";
			};
			name = Release;
		};
/* End XCBuildConfiguration section */

/* Begin XCConfigurationList section */
		A11F53CF27295A800031CEB4 /* Build configuration list for PBXProject "MessangerApp" */ = {
			isa = XCConfigurationList;
			buildConfigurations = (
				A11F53E627295A810031CEB4 /* Debug */,
				A11F53E727295A810031CEB4 /* Release */,
			);
			defaultConfigurationIsVisible = 0;
			defaultConfigurationName = Release;
		};
		A11F53E827295A810031CEB4 /* Build configuration list for PBXNativeTarget "MessangerApp" */ = {
			isa = XCConfigurationList;
			buildConfigurations = (
				A11F53E927295A810031CEB4 /* Debug */,
				A11F53EA27295A810031CEB4 /* Release */,
			);
			defaultConfigurationIsVisible = 0;
			defaultConfigurationName = Release;
		};
/* End XCConfigurationList section */
	};
	rootObject = A11F53CC27295A800031CEB4 /* Project object */;
}
